// !$*UTF8*$!
{
	archiveVersion = 1;
	classes = {
	};
	objectVersion = 46;
	objects = {

/* Begin PBXBuildFile section */
		288CF1D11BC3CA9F009E6A6F /* BorderStyleProtocolTest.swift in Sources */ = {isa = PBXBuildFile; fileRef = 288CF1D01BC3CA9F009E6A6F /* BorderStyleProtocolTest.swift */; settings = {ASSET_TAGS = (); }; };
		A5A769CE1B90BA350095BDA2 /* ProtocolUI.h in Headers */ = {isa = PBXBuildFile; fileRef = A5A769CD1B90BA350095BDA2 /* ProtocolUI.h */; settings = {ATTRIBUTES = (Public, ); }; };
		A5A769D51B90BA350095BDA2 /* ProtocolUI.framework in Frameworks */ = {isa = PBXBuildFile; fileRef = A5A769CA1B90BA350095BDA2 /* ProtocolUI.framework */; settings = {ASSET_TAGS = (); }; };
		A5A76A011B90BA700095BDA2 /* AppDelegate.swift in Sources */ = {isa = PBXBuildFile; fileRef = A5A76A001B90BA700095BDA2 /* AppDelegate.swift */; };
		A5A76A081B90BA700095BDA2 /* Assets.xcassets in Resources */ = {isa = PBXBuildFile; fileRef = A5A76A071B90BA700095BDA2 /* Assets.xcassets */; };
		A5A76A0B1B90BA700095BDA2 /* LaunchScreen.storyboard in Resources */ = {isa = PBXBuildFile; fileRef = A5A76A091B90BA700095BDA2 /* LaunchScreen.storyboard */; };
		A5A76A111B90BA940095BDA2 /* ProtocolUI.swift in Sources */ = {isa = PBXBuildFile; fileRef = A5A76A101B90BA940095BDA2 /* ProtocolUI.swift */; settings = {ASSET_TAGS = (); }; };
		A5A76A1C1B90BB8D0095BDA2 /* CustomClosureProtocolTest.swift in Sources */ = {isa = PBXBuildFile; fileRef = A5A76A131B90BB8D0095BDA2 /* CustomClosureProtocolTest.swift */; settings = {ASSET_TAGS = (); }; };
		A5A76A1D1B90BB8D0095BDA2 /* TitleTextAttributesForStateProtocolTest.swift in Sources */ = {isa = PBXBuildFile; fileRef = A5A76A141B90BB8D0095BDA2 /* TitleTextAttributesForStateProtocolTest.swift */; settings = {ASSET_TAGS = (); }; };
		A5A76A1E1B90BB8D0095BDA2 /* ThumbTintColorProtocolTest.swift in Sources */ = {isa = PBXBuildFile; fileRef = A5A76A151B90BB8D0095BDA2 /* ThumbTintColorProtocolTest.swift */; settings = {ASSET_TAGS = (); }; };
		A5A76A1F1B90BB8D0095BDA2 /* BarTintColorProtocolTest.swift in Sources */ = {isa = PBXBuildFile; fileRef = A5A76A161B90BB8D0095BDA2 /* BarTintColorProtocolTest.swift */; settings = {ASSET_TAGS = (); }; };
		A5A76A201B90BB8D0095BDA2 /* TransluentTRUEProtocolTest.swift in Sources */ = {isa = PBXBuildFile; fileRef = A5A76A171B90BB8D0095BDA2 /* TransluentTRUEProtocolTest.swift */; settings = {ASSET_TAGS = (); }; };
		A5A76A211B90BB8D0095BDA2 /* CurrentPageTintColorProtocolTest.swift in Sources */ = {isa = PBXBuildFile; fileRef = A5A76A181B90BB8D0095BDA2 /* CurrentPageTintColorProtocolTest.swift */; settings = {ASSET_TAGS = (); }; };
		A5A76A241B90BB8D0095BDA2 /* Images.xcassets in Resources */ = {isa = PBXBuildFile; fileRef = A5A76A1B1B90BB8D0095BDA2 /* Images.xcassets */; settings = {ASSET_TAGS = (); }; };
		A5A76A381B90BC760095BDA2 /* BorderWithProtocolTest.swift in Sources */ = {isa = PBXBuildFile; fileRef = A5A76A2F1B90BC760095BDA2 /* BorderWithProtocolTest.swift */; settings = {ASSET_TAGS = (); }; };
		A5A76A391B90BC760095BDA2 /* BorderColorProtocolTest.swift in Sources */ = {isa = PBXBuildFile; fileRef = A5A76A301B90BC760095BDA2 /* BorderColorProtocolTest.swift */; settings = {ASSET_TAGS = (); }; };
		A5A76A3A1B90BC760095BDA2 /* ShadowColorProtocolTest.swift in Sources */ = {isa = PBXBuildFile; fileRef = A5A76A311B90BC760095BDA2 /* ShadowColorProtocolTest.swift */; settings = {ASSET_TAGS = (); }; };
		A5A76A3B1B90BC760095BDA2 /* ShadowOpacityProtocolTest.swift in Sources */ = {isa = PBXBuildFile; fileRef = A5A76A321B90BC760095BDA2 /* ShadowOpacityProtocolTest.swift */; settings = {ASSET_TAGS = (); }; };
		A5A76A3C1B90BC760095BDA2 /* ShadowOffsetProtocolTest.swift in Sources */ = {isa = PBXBuildFile; fileRef = A5A76A331B90BC760095BDA2 /* ShadowOffsetProtocolTest.swift */; settings = {ASSET_TAGS = (); }; };
		A5A76A3D1B90BC760095BDA2 /* ShadowRadiusProtocolTest.swift in Sources */ = {isa = PBXBuildFile; fileRef = A5A76A341B90BC760095BDA2 /* ShadowRadiusProtocolTest.swift */; settings = {ASSET_TAGS = (); }; };
		A5A76A3E1B90BC760095BDA2 /* CornerRadiusProtocolTest.swift in Sources */ = {isa = PBXBuildFile; fileRef = A5A76A351B90BC760095BDA2 /* CornerRadiusProtocolTest.swift */; settings = {ASSET_TAGS = (); }; };
		A5A76A3F1B90BC760095BDA2 /* MasksToBoundsTRUEProtocolTest.swift in Sources */ = {isa = PBXBuildFile; fileRef = A5A76A361B90BC760095BDA2 /* MasksToBoundsTRUEProtocolTest.swift */; settings = {ASSET_TAGS = (); }; };
		A5A76A401B90BC760095BDA2 /* ShouldRasterizeTRUEProtocolTest.swift in Sources */ = {isa = PBXBuildFile; fileRef = A5A76A371B90BC760095BDA2 /* ShouldRasterizeTRUEProtocolTest.swift */; settings = {ASSET_TAGS = (); }; };
		A5A76A461B90BC810095BDA2 /* BackgroundColorProtocolTest.swift in Sources */ = {isa = PBXBuildFile; fileRef = A5A76A411B90BC810095BDA2 /* BackgroundColorProtocolTest.swift */; settings = {ASSET_TAGS = (); }; };
		A5A76A471B90BC810095BDA2 /* TintColorProtocolTest.swift in Sources */ = {isa = PBXBuildFile; fileRef = A5A76A421B90BC810095BDA2 /* TintColorProtocolTest.swift */; settings = {ASSET_TAGS = (); }; };
		A5A76A481B90BC810095BDA2 /* AlphaProtocolTest.swift in Sources */ = {isa = PBXBuildFile; fileRef = A5A76A431B90BC810095BDA2 /* AlphaProtocolTest.swift */; settings = {ASSET_TAGS = (); }; };
		A5A76A491B90BC810095BDA2 /* ContentModeProtocolTest.swift in Sources */ = {isa = PBXBuildFile; fileRef = A5A76A441B90BC810095BDA2 /* ContentModeProtocolTest.swift */; settings = {ASSET_TAGS = (); }; };
		A5A76A4A1B90BC810095BDA2 /* OpaqueTRUEProtocolTest.swift in Sources */ = {isa = PBXBuildFile; fileRef = A5A76A451B90BC810095BDA2 /* OpaqueTRUEProtocolTest.swift */; settings = {ASSET_TAGS = (); }; };
		A5A76A4E1B90BC8A0095BDA2 /* TextColorProtocolTest.swift in Sources */ = {isa = PBXBuildFile; fileRef = A5A76A4B1B90BC8A0095BDA2 /* TextColorProtocolTest.swift */; settings = {ASSET_TAGS = (); }; };
		A5A76A4F1B90BC8A0095BDA2 /* FontProtocolTest.swift in Sources */ = {isa = PBXBuildFile; fileRef = A5A76A4C1B90BC8A0095BDA2 /* FontProtocolTest.swift */; settings = {ASSET_TAGS = (); }; };
		A5A76A501B90BC8A0095BDA2 /* TextAlignmentProtocolTest.swift in Sources */ = {isa = PBXBuildFile; fileRef = A5A76A4D1B90BC8A0095BDA2 /* TextAlignmentProtocolTest.swift */; settings = {ASSET_TAGS = (); }; };
		A5A76A531B90BC930095BDA2 /* AdjustFontSizeToFitWidthTRUEProtocolTest.swift in Sources */ = {isa = PBXBuildFile; fileRef = A5A76A511B90BC930095BDA2 /* AdjustFontSizeToFitWidthTRUEProtocolTest.swift */; settings = {ASSET_TAGS = (); }; };
		A5A76A541B90BC930095BDA2 /* LineBreakModeProtocolTest.swift in Sources */ = {isa = PBXBuildFile; fileRef = A5A76A521B90BC930095BDA2 /* LineBreakModeProtocolTest.swift */; settings = {ASSET_TAGS = (); }; };
		A5A76A571B90BC9B0095BDA2 /* ContentVerticalAlignmentProtocolTest.swift in Sources */ = {isa = PBXBuildFile; fileRef = A5A76A551B90BC9B0095BDA2 /* ContentVerticalAlignmentProtocolTest.swift */; settings = {ASSET_TAGS = (); }; };
		A5A76A581B90BC9B0095BDA2 /* ContentHorizontalAlignmentProtocolTest.swift in Sources */ = {isa = PBXBuildFile; fileRef = A5A76A561B90BC9B0095BDA2 /* ContentHorizontalAlignmentProtocolTest.swift */; settings = {ASSET_TAGS = (); }; };
		A5A76A5F1B90BCA40095BDA2 /* ContentEdgeInsetsProtocolTest.swift in Sources */ = {isa = PBXBuildFile; fileRef = A5A76A591B90BCA40095BDA2 /* ContentEdgeInsetsProtocolTest.swift */; settings = {ASSET_TAGS = (); }; };
		A5A76A601B90BCA40095BDA2 /* TitleEdgeInsetsProtocolTest.swift in Sources */ = {isa = PBXBuildFile; fileRef = A5A76A5A1B90BCA40095BDA2 /* TitleEdgeInsetsProtocolTest.swift */; settings = {ASSET_TAGS = (); }; };
		A5A76A611B90BCA40095BDA2 /* TitleColorForStateProtocolTest.swift in Sources */ = {isa = PBXBuildFile; fileRef = A5A76A5B1B90BCA40095BDA2 /* TitleColorForStateProtocolTest.swift */; settings = {ASSET_TAGS = (); }; };
		A5A76A621B90BCA40095BDA2 /* TitleShadowColorForStateProtocolTest.swift in Sources */ = {isa = PBXBuildFile; fileRef = A5A76A5C1B90BCA40095BDA2 /* TitleShadowColorForStateProtocolTest.swift */; settings = {ASSET_TAGS = (); }; };
		A5A76A631B90BCA40095BDA2 /* ImageForStateProtocolTest.swift in Sources */ = {isa = PBXBuildFile; fileRef = A5A76A5D1B90BCA40095BDA2 /* ImageForStateProtocolTest.swift */; settings = {ASSET_TAGS = (); }; };
		A5A76A641B90BCA40095BDA2 /* BackgroundImageForStateProtocolTest.swift in Sources */ = {isa = PBXBuildFile; fileRef = A5A76A5E1B90BCA40095BDA2 /* BackgroundImageForStateProtocolTest.swift */; settings = {ASSET_TAGS = (); }; };
		A5A76A671B90BCAD0095BDA2 /* MinimumTrackTintColorProtocolTest.swift in Sources */ = {isa = PBXBuildFile; fileRef = A5A76A651B90BCAD0095BDA2 /* MinimumTrackTintColorProtocolTest.swift */; settings = {ASSET_TAGS = (); }; };
		A5A76A681B90BCAD0095BDA2 /* MaximumTrackTintColorProtocolTest.swift in Sources */ = {isa = PBXBuildFile; fileRef = A5A76A661B90BCAD0095BDA2 /* MaximumTrackTintColorProtocolTest.swift */; settings = {ASSET_TAGS = (); }; };
		A5A76A6B1B90BCB50095BDA2 /* ProgressTintColorProtocolTest.swift in Sources */ = {isa = PBXBuildFile; fileRef = A5A76A691B90BCB50095BDA2 /* ProgressTintColorProtocolTest.swift */; settings = {ASSET_TAGS = (); }; };
		A5A76A6C1B90BCB50095BDA2 /* TrackTintColorProtocolTest.swift in Sources */ = {isa = PBXBuildFile; fileRef = A5A76A6A1B90BCB50095BDA2 /* TrackTintColorProtocolTest.swift */; settings = {ASSET_TAGS = (); }; };
		A5A76A6E1B90BCBF0095BDA2 /* OnTintColorProtocolTest.swift in Sources */ = {isa = PBXBuildFile; fileRef = A5A76A6D1B90BCBF0095BDA2 /* OnTintColorProtocolTest.swift */; settings = {ASSET_TAGS = (); }; };
		A5A76A701B90BD7C0095BDA2 /* Temp.swift in Sources */ = {isa = PBXBuildFile; fileRef = A5A76A6F1B90BD7C0095BDA2 /* Temp.swift */; settings = {ASSET_TAGS = (); }; };
		A5F179F21B90C7D1006F5562 /* Main.storyboard in Resources */ = {isa = PBXBuildFile; fileRef = A5F179EF1B90C7D1006F5562 /* Main.storyboard */; settings = {ASSET_TAGS = (); }; };
		A5F179F31B90C7D1006F5562 /* ViewController.swift in Sources */ = {isa = PBXBuildFile; fileRef = A5F179F01B90C7D1006F5562 /* ViewController.swift */; settings = {ASSET_TAGS = (); }; };
		A5F179F41B90C7D1006F5562 /* NavigationController.swift in Sources */ = {isa = PBXBuildFile; fileRef = A5F179F11B90C7D1006F5562 /* NavigationController.swift */; settings = {ASSET_TAGS = (); }; };
		A5F179F51B90C973006F5562 /* ProtocolUI.framework in Frameworks */ = {isa = PBXBuildFile; fileRef = A5A769CA1B90BA350095BDA2 /* ProtocolUI.framework */; };
		A5F179F61B90C973006F5562 /* ProtocolUI.framework in Embed Frameworks */ = {isa = PBXBuildFile; fileRef = A5A769CA1B90BA350095BDA2 /* ProtocolUI.framework */; settings = {ATTRIBUTES = (CodeSignOnCopy, RemoveHeadersOnCopy, ); }; };
/* End PBXBuildFile section */

/* Begin PBXContainerItemProxy section */
		A5A769D61B90BA350095BDA2 /* PBXContainerItemProxy */ = {
			isa = PBXContainerItemProxy;
			containerPortal = A5A769C11B90BA350095BDA2 /* Project object */;
			proxyType = 1;
			remoteGlobalIDString = A5A769C91B90BA350095BDA2;
			remoteInfo = ProtocolUI;
		};
		A5F179F71B90C973006F5562 /* PBXContainerItemProxy */ = {
			isa = PBXContainerItemProxy;
			containerPortal = A5A769C11B90BA350095BDA2 /* Project object */;
			proxyType = 1;
			remoteGlobalIDString = A5A769C91B90BA350095BDA2;
			remoteInfo = ProtocolUI;
		};
/* End PBXContainerItemProxy section */

/* Begin PBXCopyFilesBuildPhase section */
		A5F179F91B90C974006F5562 /* Embed Frameworks */ = {
			isa = PBXCopyFilesBuildPhase;
			buildActionMask = 2147483647;
			dstPath = "";
			dstSubfolderSpec = 10;
			files = (
				A5F179F61B90C973006F5562 /* ProtocolUI.framework in Embed Frameworks */,
			);
			name = "Embed Frameworks";
			runOnlyForDeploymentPostprocessing = 0;
		};
/* End PBXCopyFilesBuildPhase section */

/* Begin PBXFileReference section */
		288CF1D01BC3CA9F009E6A6F /* BorderStyleProtocolTest.swift */ = {isa = PBXFileReference; fileEncoding = 4; lastKnownFileType = sourcecode.swift; path = BorderStyleProtocolTest.swift; sourceTree = "<group>"; };
		A5A769CA1B90BA350095BDA2 /* ProtocolUI.framework */ = {isa = PBXFileReference; explicitFileType = wrapper.framework; includeInIndex = 0; path = ProtocolUI.framework; sourceTree = BUILT_PRODUCTS_DIR; };
		A5A769CD1B90BA350095BDA2 /* ProtocolUI.h */ = {isa = PBXFileReference; lastKnownFileType = sourcecode.c.h; path = ProtocolUI.h; sourceTree = "<group>"; };
		A5A769CF1B90BA350095BDA2 /* Info.plist */ = {isa = PBXFileReference; lastKnownFileType = text.plist.xml; path = Info.plist; sourceTree = "<group>"; };
		A5A769D41B90BA350095BDA2 /* ProtocolUITests.xctest */ = {isa = PBXFileReference; explicitFileType = wrapper.cfbundle; includeInIndex = 0; path = ProtocolUITests.xctest; sourceTree = BUILT_PRODUCTS_DIR; };
		A5A769DB1B90BA350095BDA2 /* Info.plist */ = {isa = PBXFileReference; lastKnownFileType = text.plist.xml; path = Info.plist; sourceTree = "<group>"; };
		A5A769FE1B90BA700095BDA2 /* ProtocolUI-Demo.app */ = {isa = PBXFileReference; explicitFileType = wrapper.application; includeInIndex = 0; path = "ProtocolUI-Demo.app"; sourceTree = BUILT_PRODUCTS_DIR; };
		A5A76A001B90BA700095BDA2 /* AppDelegate.swift */ = {isa = PBXFileReference; lastKnownFileType = sourcecode.swift; path = AppDelegate.swift; sourceTree = "<group>"; };
		A5A76A071B90BA700095BDA2 /* Assets.xcassets */ = {isa = PBXFileReference; lastKnownFileType = folder.assetcatalog; path = Assets.xcassets; sourceTree = "<group>"; };
		A5A76A0A1B90BA700095BDA2 /* Base */ = {isa = PBXFileReference; lastKnownFileType = file.storyboard; name = Base; path = Base.lproj/LaunchScreen.storyboard; sourceTree = "<group>"; };
		A5A76A0C1B90BA700095BDA2 /* Info.plist */ = {isa = PBXFileReference; lastKnownFileType = text.plist.xml; path = Info.plist; sourceTree = "<group>"; };
		A5A76A101B90BA940095BDA2 /* ProtocolUI.swift */ = {isa = PBXFileReference; fileEncoding = 4; lastKnownFileType = sourcecode.swift; path = ProtocolUI.swift; sourceTree = "<group>"; };
		A5A76A121B90BB8C0095BDA2 /* ProtocolUITests-Bridging-Header.h */ = {isa = PBXFileReference; lastKnownFileType = sourcecode.c.h; path = "ProtocolUITests-Bridging-Header.h"; sourceTree = "<group>"; };
		A5A76A131B90BB8D0095BDA2 /* CustomClosureProtocolTest.swift */ = {isa = PBXFileReference; fileEncoding = 4; lastKnownFileType = sourcecode.swift; path = CustomClosureProtocolTest.swift; sourceTree = "<group>"; };
		A5A76A141B90BB8D0095BDA2 /* TitleTextAttributesForStateProtocolTest.swift */ = {isa = PBXFileReference; fileEncoding = 4; lastKnownFileType = sourcecode.swift; path = TitleTextAttributesForStateProtocolTest.swift; sourceTree = "<group>"; };
		A5A76A151B90BB8D0095BDA2 /* ThumbTintColorProtocolTest.swift */ = {isa = PBXFileReference; fileEncoding = 4; lastKnownFileType = sourcecode.swift; path = ThumbTintColorProtocolTest.swift; sourceTree = "<group>"; };
		A5A76A161B90BB8D0095BDA2 /* BarTintColorProtocolTest.swift */ = {isa = PBXFileReference; fileEncoding = 4; lastKnownFileType = sourcecode.swift; path = BarTintColorProtocolTest.swift; sourceTree = "<group>"; };
		A5A76A171B90BB8D0095BDA2 /* TransluentTRUEProtocolTest.swift */ = {isa = PBXFileReference; fileEncoding = 4; lastKnownFileType = sourcecode.swift; path = TransluentTRUEProtocolTest.swift; sourceTree = "<group>"; };
		A5A76A181B90BB8D0095BDA2 /* CurrentPageTintColorProtocolTest.swift */ = {isa = PBXFileReference; fileEncoding = 4; lastKnownFileType = sourcecode.swift; path = CurrentPageTintColorProtocolTest.swift; sourceTree = "<group>"; };
		A5A76A191B90BB8D0095BDA2 /* SharedTestCode.swift */ = {isa = PBXFileReference; fileEncoding = 4; lastKnownFileType = sourcecode.swift; path = SharedTestCode.swift; sourceTree = "<group>"; };
		A5A76A1A1B90BB8D0095BDA2 /* SharedCodeCopyScript.swift */ = {isa = PBXFileReference; fileEncoding = 4; lastKnownFileType = sourcecode.swift; path = SharedCodeCopyScript.swift; sourceTree = "<group>"; };
		A5A76A1B1B90BB8D0095BDA2 /* Images.xcassets */ = {isa = PBXFileReference; lastKnownFileType = folder.assetcatalog; path = Images.xcassets; sourceTree = "<group>"; };
		A5A76A2F1B90BC760095BDA2 /* BorderWithProtocolTest.swift */ = {isa = PBXFileReference; fileEncoding = 4; lastKnownFileType = sourcecode.swift; path = BorderWithProtocolTest.swift; sourceTree = "<group>"; };
		A5A76A301B90BC760095BDA2 /* BorderColorProtocolTest.swift */ = {isa = PBXFileReference; fileEncoding = 4; lastKnownFileType = sourcecode.swift; path = BorderColorProtocolTest.swift; sourceTree = "<group>"; };
		A5A76A311B90BC760095BDA2 /* ShadowColorProtocolTest.swift */ = {isa = PBXFileReference; fileEncoding = 4; lastKnownFileType = sourcecode.swift; path = ShadowColorProtocolTest.swift; sourceTree = "<group>"; };
		A5A76A321B90BC760095BDA2 /* ShadowOpacityProtocolTest.swift */ = {isa = PBXFileReference; fileEncoding = 4; lastKnownFileType = sourcecode.swift; path = ShadowOpacityProtocolTest.swift; sourceTree = "<group>"; };
		A5A76A331B90BC760095BDA2 /* ShadowOffsetProtocolTest.swift */ = {isa = PBXFileReference; fileEncoding = 4; lastKnownFileType = sourcecode.swift; path = ShadowOffsetProtocolTest.swift; sourceTree = "<group>"; };
		A5A76A341B90BC760095BDA2 /* ShadowRadiusProtocolTest.swift */ = {isa = PBXFileReference; fileEncoding = 4; lastKnownFileType = sourcecode.swift; path = ShadowRadiusProtocolTest.swift; sourceTree = "<group>"; };
		A5A76A351B90BC760095BDA2 /* CornerRadiusProtocolTest.swift */ = {isa = PBXFileReference; fileEncoding = 4; lastKnownFileType = sourcecode.swift; path = CornerRadiusProtocolTest.swift; sourceTree = "<group>"; };
		A5A76A361B90BC760095BDA2 /* MasksToBoundsTRUEProtocolTest.swift */ = {isa = PBXFileReference; fileEncoding = 4; lastKnownFileType = sourcecode.swift; path = MasksToBoundsTRUEProtocolTest.swift; sourceTree = "<group>"; };
		A5A76A371B90BC760095BDA2 /* ShouldRasterizeTRUEProtocolTest.swift */ = {isa = PBXFileReference; fileEncoding = 4; lastKnownFileType = sourcecode.swift; path = ShouldRasterizeTRUEProtocolTest.swift; sourceTree = "<group>"; };
		A5A76A411B90BC810095BDA2 /* BackgroundColorProtocolTest.swift */ = {isa = PBXFileReference; fileEncoding = 4; lastKnownFileType = sourcecode.swift; path = BackgroundColorProtocolTest.swift; sourceTree = "<group>"; };
		A5A76A421B90BC810095BDA2 /* TintColorProtocolTest.swift */ = {isa = PBXFileReference; fileEncoding = 4; lastKnownFileType = sourcecode.swift; path = TintColorProtocolTest.swift; sourceTree = "<group>"; };
		A5A76A431B90BC810095BDA2 /* AlphaProtocolTest.swift */ = {isa = PBXFileReference; fileEncoding = 4; lastKnownFileType = sourcecode.swift; path = AlphaProtocolTest.swift; sourceTree = "<group>"; };
		A5A76A441B90BC810095BDA2 /* ContentModeProtocolTest.swift */ = {isa = PBXFileReference; fileEncoding = 4; lastKnownFileType = sourcecode.swift; path = ContentModeProtocolTest.swift; sourceTree = "<group>"; };
		A5A76A451B90BC810095BDA2 /* OpaqueTRUEProtocolTest.swift */ = {isa = PBXFileReference; fileEncoding = 4; lastKnownFileType = sourcecode.swift; path = OpaqueTRUEProtocolTest.swift; sourceTree = "<group>"; };
		A5A76A4B1B90BC8A0095BDA2 /* TextColorProtocolTest.swift */ = {isa = PBXFileReference; fileEncoding = 4; lastKnownFileType = sourcecode.swift; path = TextColorProtocolTest.swift; sourceTree = "<group>"; };
		A5A76A4C1B90BC8A0095BDA2 /* FontProtocolTest.swift */ = {isa = PBXFileReference; fileEncoding = 4; lastKnownFileType = sourcecode.swift; path = FontProtocolTest.swift; sourceTree = "<group>"; };
		A5A76A4D1B90BC8A0095BDA2 /* TextAlignmentProtocolTest.swift */ = {isa = PBXFileReference; fileEncoding = 4; lastKnownFileType = sourcecode.swift; path = TextAlignmentProtocolTest.swift; sourceTree = "<group>"; };
		A5A76A511B90BC930095BDA2 /* AdjustFontSizeToFitWidthTRUEProtocolTest.swift */ = {isa = PBXFileReference; fileEncoding = 4; lastKnownFileType = sourcecode.swift; path = AdjustFontSizeToFitWidthTRUEProtocolTest.swift; sourceTree = "<group>"; };
		A5A76A521B90BC930095BDA2 /* LineBreakModeProtocolTest.swift */ = {isa = PBXFileReference; fileEncoding = 4; lastKnownFileType = sourcecode.swift; path = LineBreakModeProtocolTest.swift; sourceTree = "<group>"; };
		A5A76A551B90BC9B0095BDA2 /* ContentVerticalAlignmentProtocolTest.swift */ = {isa = PBXFileReference; fileEncoding = 4; lastKnownFileType = sourcecode.swift; path = ContentVerticalAlignmentProtocolTest.swift; sourceTree = "<group>"; };
		A5A76A561B90BC9B0095BDA2 /* ContentHorizontalAlignmentProtocolTest.swift */ = {isa = PBXFileReference; fileEncoding = 4; lastKnownFileType = sourcecode.swift; path = ContentHorizontalAlignmentProtocolTest.swift; sourceTree = "<group>"; };
		A5A76A591B90BCA40095BDA2 /* ContentEdgeInsetsProtocolTest.swift */ = {isa = PBXFileReference; fileEncoding = 4; lastKnownFileType = sourcecode.swift; path = ContentEdgeInsetsProtocolTest.swift; sourceTree = "<group>"; };
		A5A76A5A1B90BCA40095BDA2 /* TitleEdgeInsetsProtocolTest.swift */ = {isa = PBXFileReference; fileEncoding = 4; lastKnownFileType = sourcecode.swift; path = TitleEdgeInsetsProtocolTest.swift; sourceTree = "<group>"; };
		A5A76A5B1B90BCA40095BDA2 /* TitleColorForStateProtocolTest.swift */ = {isa = PBXFileReference; fileEncoding = 4; lastKnownFileType = sourcecode.swift; path = TitleColorForStateProtocolTest.swift; sourceTree = "<group>"; };
		A5A76A5C1B90BCA40095BDA2 /* TitleShadowColorForStateProtocolTest.swift */ = {isa = PBXFileReference; fileEncoding = 4; lastKnownFileType = sourcecode.swift; path = TitleShadowColorForStateProtocolTest.swift; sourceTree = "<group>"; };
		A5A76A5D1B90BCA40095BDA2 /* ImageForStateProtocolTest.swift */ = {isa = PBXFileReference; fileEncoding = 4; lastKnownFileType = sourcecode.swift; path = ImageForStateProtocolTest.swift; sourceTree = "<group>"; };
		A5A76A5E1B90BCA40095BDA2 /* BackgroundImageForStateProtocolTest.swift */ = {isa = PBXFileReference; fileEncoding = 4; lastKnownFileType = sourcecode.swift; path = BackgroundImageForStateProtocolTest.swift; sourceTree = "<group>"; };
		A5A76A651B90BCAD0095BDA2 /* MinimumTrackTintColorProtocolTest.swift */ = {isa = PBXFileReference; fileEncoding = 4; lastKnownFileType = sourcecode.swift; path = MinimumTrackTintColorProtocolTest.swift; sourceTree = "<group>"; };
		A5A76A661B90BCAD0095BDA2 /* MaximumTrackTintColorProtocolTest.swift */ = {isa = PBXFileReference; fileEncoding = 4; lastKnownFileType = sourcecode.swift; path = MaximumTrackTintColorProtocolTest.swift; sourceTree = "<group>"; };
		A5A76A691B90BCB50095BDA2 /* ProgressTintColorProtocolTest.swift */ = {isa = PBXFileReference; fileEncoding = 4; lastKnownFileType = sourcecode.swift; path = ProgressTintColorProtocolTest.swift; sourceTree = "<group>"; };
		A5A76A6A1B90BCB50095BDA2 /* TrackTintColorProtocolTest.swift */ = {isa = PBXFileReference; fileEncoding = 4; lastKnownFileType = sourcecode.swift; path = TrackTintColorProtocolTest.swift; sourceTree = "<group>"; };
		A5A76A6D1B90BCBF0095BDA2 /* OnTintColorProtocolTest.swift */ = {isa = PBXFileReference; fileEncoding = 4; lastKnownFileType = sourcecode.swift; path = OnTintColorProtocolTest.swift; sourceTree = "<group>"; };
		A5A76A6F1B90BD7C0095BDA2 /* Temp.swift */ = {isa = PBXFileReference; fileEncoding = 4; lastKnownFileType = sourcecode.swift; path = Temp.swift; sourceTree = "<group>"; };
		A5F179EF1B90C7D1006F5562 /* Main.storyboard */ = {isa = PBXFileReference; fileEncoding = 4; lastKnownFileType = file.storyboard; path = Main.storyboard; sourceTree = "<group>"; };
		A5F179F01B90C7D1006F5562 /* ViewController.swift */ = {isa = PBXFileReference; fileEncoding = 4; lastKnownFileType = sourcecode.swift; path = ViewController.swift; sourceTree = "<group>"; };
		A5F179F11B90C7D1006F5562 /* NavigationController.swift */ = {isa = PBXFileReference; fileEncoding = 4; lastKnownFileType = sourcecode.swift; path = NavigationController.swift; sourceTree = "<group>"; };
/* End PBXFileReference section */

/* Begin PBXFrameworksBuildPhase section */
		A5A769C61B90BA350095BDA2 /* Frameworks */ = {
			isa = PBXFrameworksBuildPhase;
			buildActionMask = 2147483647;
			files = (
			);
			runOnlyForDeploymentPostprocessing = 0;
		};
		A5A769D11B90BA350095BDA2 /* Frameworks */ = {
			isa = PBXFrameworksBuildPhase;
			buildActionMask = 2147483647;
			files = (
				A5A769D51B90BA350095BDA2 /* ProtocolUI.framework in Frameworks */,
			);
			runOnlyForDeploymentPostprocessing = 0;
		};
		A5A769FB1B90BA700095BDA2 /* Frameworks */ = {
			isa = PBXFrameworksBuildPhase;
			buildActionMask = 2147483647;
			files = (
				A5F179F51B90C973006F5562 /* ProtocolUI.framework in Frameworks */,
			);
			runOnlyForDeploymentPostprocessing = 0;
		};
/* End PBXFrameworksBuildPhase section */

/* Begin PBXGroup section */
		288CF1CF1BC3CA40009E6A6F /* UITextView */ = {
			isa = PBXGroup;
			children = (
				288CF1D01BC3CA9F009E6A6F /* BorderStyleProtocolTest.swift */,
			);
			name = UITextView;
			sourceTree = "<group>";
		};
		A5A769C01B90BA350095BDA2 = {
			isa = PBXGroup;
			children = (
				A5A769CC1B90BA350095BDA2 /* ProtocolUI */,
				A5A769D81B90BA350095BDA2 /* ProtocolUITests */,
				A5A769FF1B90BA700095BDA2 /* ProtocolUI-Demo */,
				A5A769CB1B90BA350095BDA2 /* Products */,
			);
			sourceTree = "<group>";
		};
		A5A769CB1B90BA350095BDA2 /* Products */ = {
			isa = PBXGroup;
			children = (
				A5A769CA1B90BA350095BDA2 /* ProtocolUI.framework */,
				A5A769D41B90BA350095BDA2 /* ProtocolUITests.xctest */,
				A5A769FE1B90BA700095BDA2 /* ProtocolUI-Demo.app */,
			);
			name = Products;
			sourceTree = "<group>";
		};
		A5A769CC1B90BA350095BDA2 /* ProtocolUI */ = {
			isa = PBXGroup;
			children = (
				A5A769CD1B90BA350095BDA2 /* ProtocolUI.h */,
				A5A76A101B90BA940095BDA2 /* ProtocolUI.swift */,
				A5A769CF1B90BA350095BDA2 /* Info.plist */,
			);
			path = ProtocolUI;
			sourceTree = "<group>";
		};
		A5A769D81B90BA350095BDA2 /* ProtocolUITests */ = {
			isa = PBXGroup;
			children = (
				288CF1CF1BC3CA40009E6A6F /* UITextView */,
				A5A76A261B90BC1F0095BDA2 /* CALayer */,
				A5A76A271B90BC270095BDA2 /* UIView */,
				A5A76A2D1B90BC550095BDA2 /* UIProgressView */,
				A5A76A2C1B90BC4D0095BDA2 /* UISlider */,
				A5A76A2B1B90BC460095BDA2 /* UIButton */,
				A5A76A2A1B90BC3E0095BDA2 /* UIControl */,
				A5A76A291B90BC360095BDA2 /* UILabel */,
				A5A76A2E1B90BC5E0095BDA2 /* UISwitch */,
				A5A76A281B90BC2F0095BDA2 /* Text */,
				A5A76A131B90BB8D0095BDA2 /* CustomClosureProtocolTest.swift */,
				A5A76A141B90BB8D0095BDA2 /* TitleTextAttributesForStateProtocolTest.swift */,
				A5A76A151B90BB8D0095BDA2 /* ThumbTintColorProtocolTest.swift */,
				A5A76A161B90BB8D0095BDA2 /* BarTintColorProtocolTest.swift */,
				A5A76A171B90BB8D0095BDA2 /* TransluentTRUEProtocolTest.swift */,
				A5A76A181B90BB8D0095BDA2 /* CurrentPageTintColorProtocolTest.swift */,
				A5A76A1B1B90BB8D0095BDA2 /* Images.xcassets */,
				A5A769DB1B90BA350095BDA2 /* Info.plist */,
				A5A76A121B90BB8C0095BDA2 /* ProtocolUITests-Bridging-Header.h */,
				A5A76A191B90BB8D0095BDA2 /* SharedTestCode.swift */,
				A5A76A1A1B90BB8D0095BDA2 /* SharedCodeCopyScript.swift */,
			);
			path = ProtocolUITests;
			sourceTree = "<group>";
		};
		A5A769FF1B90BA700095BDA2 /* ProtocolUI-Demo */ = {
			isa = PBXGroup;
			children = (
				A5A76A001B90BA700095BDA2 /* AppDelegate.swift */,
				A5A76A6F1B90BD7C0095BDA2 /* Temp.swift */,
				A5F179EF1B90C7D1006F5562 /* Main.storyboard */,
				A5F179F01B90C7D1006F5562 /* ViewController.swift */,
				A5F179F11B90C7D1006F5562 /* NavigationController.swift */,
				A5A76A071B90BA700095BDA2 /* Assets.xcassets */,
				A5A76A091B90BA700095BDA2 /* LaunchScreen.storyboard */,
				A5A76A0C1B90BA700095BDA2 /* Info.plist */,
			);
			path = "ProtocolUI-Demo";
			sourceTree = "<group>";
		};
		A5A76A261B90BC1F0095BDA2 /* CALayer */ = {
			isa = PBXGroup;
			children = (
				A5A76A2F1B90BC760095BDA2 /* BorderWithProtocolTest.swift */,
				A5A76A301B90BC760095BDA2 /* BorderColorProtocolTest.swift */,
				A5A76A311B90BC760095BDA2 /* ShadowColorProtocolTest.swift */,
				A5A76A321B90BC760095BDA2 /* ShadowOpacityProtocolTest.swift */,
				A5A76A331B90BC760095BDA2 /* ShadowOffsetProtocolTest.swift */,
				A5A76A341B90BC760095BDA2 /* ShadowRadiusProtocolTest.swift */,
				A5A76A351B90BC760095BDA2 /* CornerRadiusProtocolTest.swift */,
				A5A76A361B90BC760095BDA2 /* MasksToBoundsTRUEProtocolTest.swift */,
				A5A76A371B90BC760095BDA2 /* ShouldRasterizeTRUEProtocolTest.swift */,
			);
			name = CALayer;
			sourceTree = "<group>";
		};
		A5A76A271B90BC270095BDA2 /* UIView */ = {
			isa = PBXGroup;
			children = (
				A5A76A411B90BC810095BDA2 /* BackgroundColorProtocolTest.swift */,
				A5A76A421B90BC810095BDA2 /* TintColorProtocolTest.swift */,
				A5A76A431B90BC810095BDA2 /* AlphaProtocolTest.swift */,
				A5A76A441B90BC810095BDA2 /* ContentModeProtocolTest.swift */,
				A5A76A451B90BC810095BDA2 /* OpaqueTRUEProtocolTest.swift */,
			);
			name = UIView;
			sourceTree = "<group>";
		};
		A5A76A281B90BC2F0095BDA2 /* Text */ = {
			isa = PBXGroup;
			children = (
				A5A76A4B1B90BC8A0095BDA2 /* TextColorProtocolTest.swift */,
				A5A76A4C1B90BC8A0095BDA2 /* FontProtocolTest.swift */,
				A5A76A4D1B90BC8A0095BDA2 /* TextAlignmentProtocolTest.swift */,
			);
			name = Text;
			sourceTree = "<group>";
		};
		A5A76A291B90BC360095BDA2 /* UILabel */ = {
			isa = PBXGroup;
			children = (
				A5A76A511B90BC930095BDA2 /* AdjustFontSizeToFitWidthTRUEProtocolTest.swift */,
				A5A76A521B90BC930095BDA2 /* LineBreakModeProtocolTest.swift */,
			);
			name = UILabel;
			sourceTree = "<group>";
		};
		A5A76A2A1B90BC3E0095BDA2 /* UIControl */ = {
			isa = PBXGroup;
			children = (
				A5A76A551B90BC9B0095BDA2 /* ContentVerticalAlignmentProtocolTest.swift */,
				A5A76A561B90BC9B0095BDA2 /* ContentHorizontalAlignmentProtocolTest.swift */,
			);
			name = UIControl;
			sourceTree = "<group>";
		};
		A5A76A2B1B90BC460095BDA2 /* UIButton */ = {
			isa = PBXGroup;
			children = (
				A5A76A591B90BCA40095BDA2 /* ContentEdgeInsetsProtocolTest.swift */,
				A5A76A5A1B90BCA40095BDA2 /* TitleEdgeInsetsProtocolTest.swift */,
				A5A76A5B1B90BCA40095BDA2 /* TitleColorForStateProtocolTest.swift */,
				A5A76A5C1B90BCA40095BDA2 /* TitleShadowColorForStateProtocolTest.swift */,
				A5A76A5D1B90BCA40095BDA2 /* ImageForStateProtocolTest.swift */,
				A5A76A5E1B90BCA40095BDA2 /* BackgroundImageForStateProtocolTest.swift */,
			);
			name = UIButton;
			sourceTree = "<group>";
		};
		A5A76A2C1B90BC4D0095BDA2 /* UISlider */ = {
			isa = PBXGroup;
			children = (
				A5A76A651B90BCAD0095BDA2 /* MinimumTrackTintColorProtocolTest.swift */,
				A5A76A661B90BCAD0095BDA2 /* MaximumTrackTintColorProtocolTest.swift */,
			);
			name = UISlider;
			sourceTree = "<group>";
		};
		A5A76A2D1B90BC550095BDA2 /* UIProgressView */ = {
			isa = PBXGroup;
			children = (
				A5A76A691B90BCB50095BDA2 /* ProgressTintColorProtocolTest.swift */,
				A5A76A6A1B90BCB50095BDA2 /* TrackTintColorProtocolTest.swift */,
			);
			name = UIProgressView;
			sourceTree = "<group>";
		};
		A5A76A2E1B90BC5E0095BDA2 /* UISwitch */ = {
			isa = PBXGroup;
			children = (
				A5A76A6D1B90BCBF0095BDA2 /* OnTintColorProtocolTest.swift */,
			);
			name = UISwitch;
			sourceTree = "<group>";
		};
/* End PBXGroup section */

/* Begin PBXHeadersBuildPhase section */
		A5A769C71B90BA350095BDA2 /* Headers */ = {
			isa = PBXHeadersBuildPhase;
			buildActionMask = 2147483647;
			files = (
				A5A769CE1B90BA350095BDA2 /* ProtocolUI.h in Headers */,
			);
			runOnlyForDeploymentPostprocessing = 0;
		};
/* End PBXHeadersBuildPhase section */

/* Begin PBXNativeTarget section */
		A5A769C91B90BA350095BDA2 /* ProtocolUI */ = {
			isa = PBXNativeTarget;
			buildConfigurationList = A5A769DE1B90BA350095BDA2 /* Build configuration list for PBXNativeTarget "ProtocolUI" */;
			buildPhases = (
				A5A769C51B90BA350095BDA2 /* Sources */,
				A5A769C61B90BA350095BDA2 /* Frameworks */,
				A5A769C71B90BA350095BDA2 /* Headers */,
				A5A769C81B90BA350095BDA2 /* Resources */,
			);
			buildRules = (
			);
			dependencies = (
			);
			name = ProtocolUI;
			productName = ProtocolUI;
			productReference = A5A769CA1B90BA350095BDA2 /* ProtocolUI.framework */;
			productType = "com.apple.product-type.framework";
		};
		A5A769D31B90BA350095BDA2 /* ProtocolUITests */ = {
			isa = PBXNativeTarget;
			buildConfigurationList = A5A769E11B90BA350095BDA2 /* Build configuration list for PBXNativeTarget "ProtocolUITests" */;
			buildPhases = (
				A5A76A251B90BBE70095BDA2 /* Copy shared test code */,
				A5A769D01B90BA350095BDA2 /* Sources */,
				A5A769D11B90BA350095BDA2 /* Frameworks */,
				A5A769D21B90BA350095BDA2 /* Resources */,
			);
			buildRules = (
			);
			dependencies = (
				A5A769D71B90BA350095BDA2 /* PBXTargetDependency */,
			);
			name = ProtocolUITests;
			productName = ProtocolUITests;
			productReference = A5A769D41B90BA350095BDA2 /* ProtocolUITests.xctest */;
			productType = "com.apple.product-type.bundle.unit-test";
		};
		A5A769FD1B90BA700095BDA2 /* ProtocolUI-Demo */ = {
			isa = PBXNativeTarget;
			buildConfigurationList = A5A76A0D1B90BA700095BDA2 /* Build configuration list for PBXNativeTarget "ProtocolUI-Demo" */;
			buildPhases = (
				A5A769FA1B90BA700095BDA2 /* Sources */,
				A5A769FB1B90BA700095BDA2 /* Frameworks */,
				A5A769FC1B90BA700095BDA2 /* Resources */,
				A5F179F91B90C974006F5562 /* Embed Frameworks */,
			);
			buildRules = (
			);
			dependencies = (
				A5F179F81B90C973006F5562 /* PBXTargetDependency */,
			);
			name = "ProtocolUI-Demo";
			productName = "ProtocolUI-Demo";
			productReference = A5A769FE1B90BA700095BDA2 /* ProtocolUI-Demo.app */;
			productType = "com.apple.product-type.application";
		};
/* End PBXNativeTarget section */

/* Begin PBXProject section */
		A5A769C11B90BA350095BDA2 /* Project object */ = {
			isa = PBXProject;
			attributes = {
				LastSwiftUpdateCheck = 0700;
				LastUpgradeCheck = 0700;
				ORGANIZATIONNAME = STRV;
				TargetAttributes = {
					A5A769C91B90BA350095BDA2 = {
						CreatedOnToolsVersion = 7.0;
					};
					A5A769D31B90BA350095BDA2 = {
						CreatedOnToolsVersion = 7.0;
					};
					A5A769FD1B90BA700095BDA2 = {
						CreatedOnToolsVersion = 7.0;
					};
				};
			};
			buildConfigurationList = A5A769C41B90BA350095BDA2 /* Build configuration list for PBXProject "ProtocolUI" */;
			compatibilityVersion = "Xcode 3.2";
			developmentRegion = English;
			hasScannedForEncodings = 0;
			knownRegions = (
				en,
				Base,
			);
			mainGroup = A5A769C01B90BA350095BDA2;
			productRefGroup = A5A769CB1B90BA350095BDA2 /* Products */;
			projectDirPath = "";
			projectRoot = "";
			targets = (
				A5A769C91B90BA350095BDA2 /* ProtocolUI */,
				A5A769D31B90BA350095BDA2 /* ProtocolUITests */,
				A5A769FD1B90BA700095BDA2 /* ProtocolUI-Demo */,
			);
		};
/* End PBXProject section */

/* Begin PBXResourcesBuildPhase section */
		A5A769C81B90BA350095BDA2 /* Resources */ = {
			isa = PBXResourcesBuildPhase;
			buildActionMask = 2147483647;
			files = (
			);
			runOnlyForDeploymentPostprocessing = 0;
		};
		A5A769D21B90BA350095BDA2 /* Resources */ = {
			isa = PBXResourcesBuildPhase;
			buildActionMask = 2147483647;
			files = (
				A5A76A241B90BB8D0095BDA2 /* Images.xcassets in Resources */,
			);
			runOnlyForDeploymentPostprocessing = 0;
		};
		A5A769FC1B90BA700095BDA2 /* Resources */ = {
			isa = PBXResourcesBuildPhase;
			buildActionMask = 2147483647;
			files = (
				A5F179F21B90C7D1006F5562 /* Main.storyboard in Resources */,
				A5A76A0B1B90BA700095BDA2 /* LaunchScreen.storyboard in Resources */,
				A5A76A081B90BA700095BDA2 /* Assets.xcassets in Resources */,
			);
			runOnlyForDeploymentPostprocessing = 0;
		};
/* End PBXResourcesBuildPhase section */

/* Begin PBXShellScriptBuildPhase section */
		A5A76A251B90BBE70095BDA2 /* Copy shared test code */ = {
			isa = PBXShellScriptBuildPhase;
			buildActionMask = 2147483647;
			files = (
			);
			inputPaths = (
			);
			name = "Copy shared test code";
			outputPaths = (
			);
			runOnlyForDeploymentPostprocessing = 0;
			shellPath = /bin/sh;
			shellScript = "$PROJECT_DIR/$TARGET_NAME/SharedCodeCopyScript.swift $PROJECT_DIR/$TARGET_NAME";
		};
/* End PBXShellScriptBuildPhase section */

/* Begin PBXSourcesBuildPhase section */
		A5A769C51B90BA350095BDA2 /* Sources */ = {
			isa = PBXSourcesBuildPhase;
			buildActionMask = 2147483647;
			files = (
				A5A76A111B90BA940095BDA2 /* ProtocolUI.swift in Sources */,
			);
			runOnlyForDeploymentPostprocessing = 0;
		};
		A5A769D01B90BA350095BDA2 /* Sources */ = {
			isa = PBXSourcesBuildPhase;
			buildActionMask = 2147483647;
			files = (
				A5A76A681B90BCAD0095BDA2 /* MaximumTrackTintColorProtocolTest.swift in Sources */,
				A5A76A501B90BC8A0095BDA2 /* TextAlignmentProtocolTest.swift in Sources */,
				A5A76A491B90BC810095BDA2 /* ContentModeProtocolTest.swift in Sources */,
				A5A76A6B1B90BCB50095BDA2 /* ProgressTintColorProtocolTest.swift in Sources */,
				A5A76A5F1B90BCA40095BDA2 /* ContentEdgeInsetsProtocolTest.swift in Sources */,
				A5A76A3E1B90BC760095BDA2 /* CornerRadiusProtocolTest.swift in Sources */,
				A5A76A3A1B90BC760095BDA2 /* ShadowColorProtocolTest.swift in Sources */,
				A5A76A3B1B90BC760095BDA2 /* ShadowOpacityProtocolTest.swift in Sources */,
				A5A76A3F1B90BC760095BDA2 /* MasksToBoundsTRUEProtocolTest.swift in Sources */,
				A5A76A1E1B90BB8D0095BDA2 /* ThumbTintColorProtocolTest.swift in Sources */,
				A5A76A641B90BCA40095BDA2 /* BackgroundImageForStateProtocolTest.swift in Sources */,
				A5A76A571B90BC9B0095BDA2 /* ContentVerticalAlignmentProtocolTest.swift in Sources */,
				A5A76A381B90BC760095BDA2 /* BorderWithProtocolTest.swift in Sources */,
				A5A76A671B90BCAD0095BDA2 /* MinimumTrackTintColorProtocolTest.swift in Sources */,
				A5A76A401B90BC760095BDA2 /* ShouldRasterizeTRUEProtocolTest.swift in Sources */,
				A5A76A4A1B90BC810095BDA2 /* OpaqueTRUEProtocolTest.swift in Sources */,
				A5A76A6C1B90BCB50095BDA2 /* TrackTintColorProtocolTest.swift in Sources */,
				A5A76A461B90BC810095BDA2 /* BackgroundColorProtocolTest.swift in Sources */,
				A5A76A1D1B90BB8D0095BDA2 /* TitleTextAttributesForStateProtocolTest.swift in Sources */,
				A5A76A541B90BC930095BDA2 /* LineBreakModeProtocolTest.swift in Sources */,
				A5A76A201B90BB8D0095BDA2 /* TransluentTRUEProtocolTest.swift in Sources */,
				A5A76A611B90BCA40095BDA2 /* TitleColorForStateProtocolTest.swift in Sources */,
				A5A76A481B90BC810095BDA2 /* AlphaProtocolTest.swift in Sources */,
				A5A76A531B90BC930095BDA2 /* AdjustFontSizeToFitWidthTRUEProtocolTest.swift in Sources */,
				A5A76A211B90BB8D0095BDA2 /* CurrentPageTintColorProtocolTest.swift in Sources */,
				A5A76A471B90BC810095BDA2 /* TintColorProtocolTest.swift in Sources */,
				A5A76A4E1B90BC8A0095BDA2 /* TextColorProtocolTest.swift in Sources */,
				A5A76A3C1B90BC760095BDA2 /* ShadowOffsetProtocolTest.swift in Sources */,
				A5A76A631B90BCA40095BDA2 /* ImageForStateProtocolTest.swift in Sources */,
				288CF1D11BC3CA9F009E6A6F /* BorderStyleProtocolTest.swift in Sources */,
				A5A76A6E1B90BCBF0095BDA2 /* OnTintColorProtocolTest.swift in Sources */,
				A5A76A1F1B90BB8D0095BDA2 /* BarTintColorProtocolTest.swift in Sources */,
				A5A76A4F1B90BC8A0095BDA2 /* FontProtocolTest.swift in Sources */,
				A5A76A3D1B90BC760095BDA2 /* ShadowRadiusProtocolTest.swift in Sources */,
				A5A76A581B90BC9B0095BDA2 /* ContentHorizontalAlignmentProtocolTest.swift in Sources */,
				A5A76A601B90BCA40095BDA2 /* TitleEdgeInsetsProtocolTest.swift in Sources */,
				A5A76A1C1B90BB8D0095BDA2 /* CustomClosureProtocolTest.swift in Sources */,
				A5A76A391B90BC760095BDA2 /* BorderColorProtocolTest.swift in Sources */,
				A5A76A621B90BCA40095BDA2 /* TitleShadowColorForStateProtocolTest.swift in Sources */,
			);
			runOnlyForDeploymentPostprocessing = 0;
		};
		A5A769FA1B90BA700095BDA2 /* Sources */ = {
			isa = PBXSourcesBuildPhase;
			buildActionMask = 2147483647;
			files = (
				A5F179F31B90C7D1006F5562 /* ViewController.swift in Sources */,
				A5F179F41B90C7D1006F5562 /* NavigationController.swift in Sources */,
				A5A76A011B90BA700095BDA2 /* AppDelegate.swift in Sources */,
				A5A76A701B90BD7C0095BDA2 /* Temp.swift in Sources */,
			);
			runOnlyForDeploymentPostprocessing = 0;
		};
/* End PBXSourcesBuildPhase section */

/* Begin PBXTargetDependency section */
		A5A769D71B90BA350095BDA2 /* PBXTargetDependency */ = {
			isa = PBXTargetDependency;
			target = A5A769C91B90BA350095BDA2 /* ProtocolUI */;
			targetProxy = A5A769D61B90BA350095BDA2 /* PBXContainerItemProxy */;
		};
		A5F179F81B90C973006F5562 /* PBXTargetDependency */ = {
			isa = PBXTargetDependency;
			target = A5A769C91B90BA350095BDA2 /* ProtocolUI */;
			targetProxy = A5F179F71B90C973006F5562 /* PBXContainerItemProxy */;
		};
/* End PBXTargetDependency section */

/* Begin PBXVariantGroup section */
		A5A76A091B90BA700095BDA2 /* LaunchScreen.storyboard */ = {
			isa = PBXVariantGroup;
			children = (
				A5A76A0A1B90BA700095BDA2 /* Base */,
			);
			name = LaunchScreen.storyboard;
			sourceTree = "<group>";
		};
/* End PBXVariantGroup section */

/* Begin XCBuildConfiguration section */
		A5A769DC1B90BA350095BDA2 /* Debug */ = {
			isa = XCBuildConfiguration;
			buildSettings = {
				ALWAYS_SEARCH_USER_PATHS = NO;
				CLANG_CXX_LANGUAGE_STANDARD = "gnu++0x";
				CLANG_CXX_LIBRARY = "libc++";
				CLANG_ENABLE_MODULES = YES;
				CLANG_ENABLE_OBJC_ARC = YES;
				CLANG_WARN_BOOL_CONVERSION = YES;
				CLANG_WARN_CONSTANT_CONVERSION = YES;
				CLANG_WARN_DIRECT_OBJC_ISA_USAGE = YES_ERROR;
				CLANG_WARN_EMPTY_BODY = YES;
				CLANG_WARN_ENUM_CONVERSION = YES;
				CLANG_WARN_INT_CONVERSION = YES;
				CLANG_WARN_OBJC_ROOT_CLASS = YES_ERROR;
				CLANG_WARN_UNREACHABLE_CODE = YES;
				CLANG_WARN__DUPLICATE_METHOD_MATCH = YES;
				"CODE_SIGN_IDENTITY[sdk=iphoneos*]" = "iPhone Developer";
				COPY_PHASE_STRIP = NO;
				CURRENT_PROJECT_VERSION = 1;
				DEBUG_INFORMATION_FORMAT = dwarf;
				ENABLE_STRICT_OBJC_MSGSEND = YES;
				ENABLE_TESTABILITY = YES;
				GCC_C_LANGUAGE_STANDARD = gnu99;
				GCC_DYNAMIC_NO_PIC = NO;
				GCC_NO_COMMON_BLOCKS = YES;
				GCC_OPTIMIZATION_LEVEL = 0;
				GCC_PREPROCESSOR_DEFINITIONS = (
					"DEBUG=1",
					"$(inherited)",
				);
				GCC_WARN_64_TO_32_BIT_CONVERSION = YES;
				GCC_WARN_ABOUT_RETURN_TYPE = YES_ERROR;
				GCC_WARN_UNDECLARED_SELECTOR = YES;
				GCC_WARN_UNINITIALIZED_AUTOS = YES_AGGRESSIVE;
				GCC_WARN_UNUSED_FUNCTION = YES;
				GCC_WARN_UNUSED_VARIABLE = YES;
				IPHONEOS_DEPLOYMENT_TARGET = 9.0;
				MTL_ENABLE_DEBUG_INFO = YES;
				ONLY_ACTIVE_ARCH = YES;
				SDKROOT = iphoneos;
				SWIFT_OPTIMIZATION_LEVEL = "-Onone";
				TARGETED_DEVICE_FAMILY = "1,2";
				VERSIONING_SYSTEM = "apple-generic";
				VERSION_INFO_PREFIX = "";
			};
			name = Debug;
		};
		A5A769DD1B90BA350095BDA2 /* Release */ = {
			isa = XCBuildConfiguration;
			buildSettings = {
				ALWAYS_SEARCH_USER_PATHS = NO;
				CLANG_CXX_LANGUAGE_STANDARD = "gnu++0x";
				CLANG_CXX_LIBRARY = "libc++";
				CLANG_ENABLE_MODULES = YES;
				CLANG_ENABLE_OBJC_ARC = YES;
				CLANG_WARN_BOOL_CONVERSION = YES;
				CLANG_WARN_CONSTANT_CONVERSION = YES;
				CLANG_WARN_DIRECT_OBJC_ISA_USAGE = YES_ERROR;
				CLANG_WARN_EMPTY_BODY = YES;
				CLANG_WARN_ENUM_CONVERSION = YES;
				CLANG_WARN_INT_CONVERSION = YES;
				CLANG_WARN_OBJC_ROOT_CLASS = YES_ERROR;
				CLANG_WARN_UNREACHABLE_CODE = YES;
				CLANG_WARN__DUPLICATE_METHOD_MATCH = YES;
				"CODE_SIGN_IDENTITY[sdk=iphoneos*]" = "iPhone Developer";
				COPY_PHASE_STRIP = NO;
				CURRENT_PROJECT_VERSION = 1;
				DEBUG_INFORMATION_FORMAT = "dwarf-with-dsym";
				ENABLE_NS_ASSERTIONS = NO;
				ENABLE_STRICT_OBJC_MSGSEND = YES;
				GCC_C_LANGUAGE_STANDARD = gnu99;
				GCC_NO_COMMON_BLOCKS = YES;
				GCC_WARN_64_TO_32_BIT_CONVERSION = YES;
				GCC_WARN_ABOUT_RETURN_TYPE = YES_ERROR;
				GCC_WARN_UNDECLARED_SELECTOR = YES;
				GCC_WARN_UNINITIALIZED_AUTOS = YES_AGGRESSIVE;
				GCC_WARN_UNUSED_FUNCTION = YES;
				GCC_WARN_UNUSED_VARIABLE = YES;
				IPHONEOS_DEPLOYMENT_TARGET = 9.0;
				MTL_ENABLE_DEBUG_INFO = NO;
				SDKROOT = iphoneos;
				TARGETED_DEVICE_FAMILY = "1,2";
				VALIDATE_PRODUCT = YES;
				VERSIONING_SYSTEM = "apple-generic";
				VERSION_INFO_PREFIX = "";
			};
			name = Release;
		};
		A5A769DF1B90BA350095BDA2 /* Debug */ = {
			isa = XCBuildConfiguration;
			buildSettings = {
				CLANG_ENABLE_MODULES = YES;
				DEFINES_MODULE = YES;
				DYLIB_COMPATIBILITY_VERSION = 1;
				DYLIB_CURRENT_VERSION = 1;
				DYLIB_INSTALL_NAME_BASE = "@rpath";
				INFOPLIST_FILE = ProtocolUI/Info.plist;
				INSTALL_PATH = "$(LOCAL_LIBRARY_DIR)/Frameworks";
				IPHONEOS_DEPLOYMENT_TARGET = 8.0;
				LD_RUNPATH_SEARCH_PATHS = "$(inherited) @executable_path/Frameworks @loader_path/Frameworks";
				PRODUCT_BUNDLE_IDENTIFIER = com.strv.ProtocolUI;
				PRODUCT_NAME = "$(TARGET_NAME)";
				SKIP_INSTALL = YES;
				SWIFT_OPTIMIZATION_LEVEL = "-Onone";
			};
			name = Debug;
		};
		A5A769E01B90BA350095BDA2 /* Release */ = {
			isa = XCBuildConfiguration;
			buildSettings = {
				CLANG_ENABLE_MODULES = YES;
				DEFINES_MODULE = YES;
				DYLIB_COMPATIBILITY_VERSION = 1;
				DYLIB_CURRENT_VERSION = 1;
				DYLIB_INSTALL_NAME_BASE = "@rpath";
				INFOPLIST_FILE = ProtocolUI/Info.plist;
				INSTALL_PATH = "$(LOCAL_LIBRARY_DIR)/Frameworks";
				IPHONEOS_DEPLOYMENT_TARGET = 8.0;
				LD_RUNPATH_SEARCH_PATHS = "$(inherited) @executable_path/Frameworks @loader_path/Frameworks";
				PRODUCT_BUNDLE_IDENTIFIER = com.strv.ProtocolUI;
				PRODUCT_NAME = "$(TARGET_NAME)";
				SKIP_INSTALL = YES;
			};
			name = Release;
		};
		A5A769E21B90BA350095BDA2 /* Debug */ = {
			isa = XCBuildConfiguration;
			buildSettings = {
				CLANG_ENABLE_MODULES = YES;
				INFOPLIST_FILE = ProtocolUITests/Info.plist;
				LD_RUNPATH_SEARCH_PATHS = "$(inherited) @executable_path/Frameworks @loader_path/Frameworks";
				PRODUCT_BUNDLE_IDENTIFIER = com.strv.ProtocolUITests;
				PRODUCT_NAME = "$(TARGET_NAME)";
				SWIFT_OBJC_BRIDGING_HEADER = "ProtocolUITests/ProtocolUITests-Bridging-Header.h";
				SWIFT_OPTIMIZATION_LEVEL = "-Onone";
			};
			name = Debug;
		};
		A5A769E31B90BA350095BDA2 /* Release */ = {
			isa = XCBuildConfiguration;
			buildSettings = {
				CLANG_ENABLE_MODULES = YES;
				INFOPLIST_FILE = ProtocolUITests/Info.plist;
				LD_RUNPATH_SEARCH_PATHS = "$(inherited) @executable_path/Frameworks @loader_path/Frameworks";
				PRODUCT_BUNDLE_IDENTIFIER = com.strv.ProtocolUITests;
				PRODUCT_NAME = "$(TARGET_NAME)";
				SWIFT_OBJC_BRIDGING_HEADER = "ProtocolUITests/ProtocolUITests-Bridging-Header.h";
			};
			name = Release;
		};
		A5A76A0E1B90BA700095BDA2 /* Debug */ = {
			isa = XCBuildConfiguration;
			buildSettings = {
				ASSETCATALOG_COMPILER_APPICON_NAME = AppIcon;
				EMBEDDED_CONTENT_CONTAINS_SWIFT = YES;
				INFOPLIST_FILE = "ProtocolUI-Demo/Info.plist";
				LD_RUNPATH_SEARCH_PATHS = "$(inherited) @executable_path/Frameworks";
				PRODUCT_BUNDLE_IDENTIFIER = "com.strv.ProtocolUI-Demo";
				PRODUCT_NAME = "$(TARGET_NAME)";
			};
			name = Debug;
		};
		A5A76A0F1B90BA700095BDA2 /* Release */ = {
			isa = XCBuildConfiguration;
			buildSettings = {
				ASSETCATALOG_COMPILER_APPICON_NAME = AppIcon;
				EMBEDDED_CONTENT_CONTAINS_SWIFT = YES;
				INFOPLIST_FILE = "ProtocolUI-Demo/Info.plist";
				LD_RUNPATH_SEARCH_PATHS = "$(inherited) @executable_path/Frameworks";
				PRODUCT_BUNDLE_IDENTIFIER = "com.strv.ProtocolUI-Demo";
				PRODUCT_NAME = "$(TARGET_NAME)";
			};
			name = Release;
		};
/* End XCBuildConfiguration section */

/* Begin XCConfigurationList section */
		A5A769C41B90BA350095BDA2 /* Build configuration list for PBXProject "ProtocolUI" */ = {
			isa = XCConfigurationList;
			buildConfigurations = (
				A5A769DC1B90BA350095BDA2 /* Debug */,
				A5A769DD1B90BA350095BDA2 /* Release */,
			);
			defaultConfigurationIsVisible = 0;
			defaultConfigurationName = Release;
		};
		A5A769DE1B90BA350095BDA2 /* Build configuration list for PBXNativeTarget "ProtocolUI" */ = {
			isa = XCConfigurationList;
			buildConfigurations = (
				A5A769DF1B90BA350095BDA2 /* Debug */,
				A5A769E01B90BA350095BDA2 /* Release */,
			);
			defaultConfigurationIsVisible = 0;
			defaultConfigurationName = Release;
		};
		A5A769E11B90BA350095BDA2 /* Build configuration list for PBXNativeTarget "ProtocolUITests" */ = {
			isa = XCConfigurationList;
			buildConfigurations = (
				A5A769E21B90BA350095BDA2 /* Debug */,
				A5A769E31B90BA350095BDA2 /* Release */,
			);
			defaultConfigurationIsVisible = 0;
			defaultConfigurationName = Release;
		};
		A5A76A0D1B90BA700095BDA2 /* Build configuration list for PBXNativeTarget "ProtocolUI-Demo" */ = {
			isa = XCConfigurationList;
			buildConfigurations = (
				A5A76A0E1B90BA700095BDA2 /* Debug */,
				A5A76A0F1B90BA700095BDA2 /* Release */,
			);
			defaultConfigurationIsVisible = 0;
			defaultConfigurationName = Release;
		};
/* End XCConfigurationList section */
	};
	rootObject = A5A769C11B90BA350095BDA2 /* Project object */;
}
