// !$*UTF8*$!
{
	archiveVersion = 1;
	classes = {
	};
	objectVersion = 46;
	objects = {

/* Begin PBXBuildFile section */
		A50AC3861B67A2190095113C /* Temp.swift in Sources */ = {isa = PBXBuildFile; fileRef = A50AC3851B67A2190095113C /* Temp.swift */; };
		A526F2BE1B80DFAE009613FE /* ViewController.swift in Sources */ = {isa = PBXBuildFile; fileRef = A526F2BD1B80DFAE009613FE /* ViewController.swift */; };
		A544F5B61B566D8400BB6BF7 /* AppDelegate.swift in Sources */ = {isa = PBXBuildFile; fileRef = A544F5B51B566D8400BB6BF7 /* AppDelegate.swift */; };
		A544F5BB1B566D8400BB6BF7 /* Main.storyboard in Resources */ = {isa = PBXBuildFile; fileRef = A544F5B91B566D8400BB6BF7 /* Main.storyboard */; };
		A544F5BD1B566D8400BB6BF7 /* Assets.xcassets in Resources */ = {isa = PBXBuildFile; fileRef = A544F5BC1B566D8400BB6BF7 /* Assets.xcassets */; };
		A544F5C01B566D8400BB6BF7 /* LaunchScreen.storyboard in Resources */ = {isa = PBXBuildFile; fileRef = A544F5BE1B566D8400BB6BF7 /* LaunchScreen.storyboard */; };
		A544F5E41B566F3300BB6BF7 /* ProtocolUI.swift in Sources */ = {isa = PBXBuildFile; fileRef = A544F5E31B566F3300BB6BF7 /* ProtocolUI.swift */; };
		A5BBE7291B8321C1002F2EA6 /* BorderWithProtocolTest.swift in Sources */ = {isa = PBXBuildFile; fileRef = A5BBE7281B8321C1002F2EA6 /* BorderWithProtocolTest.swift */; };
		A5BBE72D1B832ACE002F2EA6 /* BorderColorProtocolTest.swift in Sources */ = {isa = PBXBuildFile; fileRef = A5BBE72C1B832ACE002F2EA6 /* BorderColorProtocolTest.swift */; };
		BE2290191B839EEB0049FA2F /* ShadowColorProtocolTest.swift in Sources */ = {isa = PBXBuildFile; fileRef = BE2290181B839EEB0049FA2F /* ShadowColorProtocolTest.swift */; };
		BE22901B1B83A0470049FA2F /* ShadowOpacityProtocolTest.swift in Sources */ = {isa = PBXBuildFile; fileRef = BE22901A1B83A0470049FA2F /* ShadowOpacityProtocolTest.swift */; };
		BE22901D1B8474F40049FA2F /* TextColorProtocolTest.swift in Sources */ = {isa = PBXBuildFile; fileRef = BE22901C1B8474F40049FA2F /* TextColorProtocolTest.swift */; };
		BE22901F1B847BB40049FA2F /* FontProtocolTest.swift in Sources */ = {isa = PBXBuildFile; fileRef = BE22901E1B847BB40049FA2F /* FontProtocolTest.swift */; };
		BE2290221B8481850049FA2F /* ShadowOffsetProtocolTest.swift in Sources */ = {isa = PBXBuildFile; fileRef = BE2290211B8481850049FA2F /* ShadowOffsetProtocolTest.swift */; };
		BE2290241B8481970049FA2F /* ShadowRadiusProtocolTest.swift in Sources */ = {isa = PBXBuildFile; fileRef = BE2290231B8481970049FA2F /* ShadowRadiusProtocolTest.swift */; };
		BE2290261B8481BB0049FA2F /* CornerRadiusProtocolTest.swift in Sources */ = {isa = PBXBuildFile; fileRef = BE2290251B8481BB0049FA2F /* CornerRadiusProtocolTest.swift */; };
		BE2290281B8481CF0049FA2F /* MasksToBoundsTRUEProtocolTest.swift in Sources */ = {isa = PBXBuildFile; fileRef = BE2290271B8481CF0049FA2F /* MasksToBoundsTRUEProtocolTest.swift */; };
		BE22902A1B8481F60049FA2F /* ShouldRasterizeTRUEProtocolTest.swift in Sources */ = {isa = PBXBuildFile; fileRef = BE2290291B8481F60049FA2F /* ShouldRasterizeTRUEProtocolTest.swift */; };
		BE22902C1B8485B10049FA2F /* CustomClosureProtocolTest.swift in Sources */ = {isa = PBXBuildFile; fileRef = BE22902B1B8485B10049FA2F /* CustomClosureProtocolTest.swift */; };
		BE2290301B8492F00049FA2F /* BackgroundColorProtocolTest.swift in Sources */ = {isa = PBXBuildFile; fileRef = BE22902F1B8492F00049FA2F /* BackgroundColorProtocolTest.swift */; };
		BE2290321B8497230049FA2F /* TintColorProtocolTest.swift in Sources */ = {isa = PBXBuildFile; fileRef = BE2290311B8497230049FA2F /* TintColorProtocolTest.swift */; };
		BE2290341B84990C0049FA2F /* AlphaProtocolTest.swift in Sources */ = {isa = PBXBuildFile; fileRef = BE2290331B84990C0049FA2F /* AlphaProtocolTest.swift */; };
		BE2290361B849A950049FA2F /* ContentModeProtocolTest.swift in Sources */ = {isa = PBXBuildFile; fileRef = BE2290351B849A950049FA2F /* ContentModeProtocolTest.swift */; };
		BE2290381B849B1A0049FA2F /* OpaqueTRUEProtocolTest.swift in Sources */ = {isa = PBXBuildFile; fileRef = BE2290371B849B1A0049FA2F /* OpaqueTRUEProtocolTest.swift */; };
		BE4B47A01B822B7F00C9E9AB /* NavigationController.swift in Sources */ = {isa = PBXBuildFile; fileRef = BE4B479F1B822B7F00C9E9AB /* NavigationController.swift */; };
		BE6A81991B85E1A100430EAB /* TextAlignmentProtocolTest.swift in Sources */ = {isa = PBXBuildFile; fileRef = BE6A81981B85E1A100430EAB /* TextAlignmentProtocolTest.swift */; };
		BE6A819B1B85E1B500430EAB /* AdjustFontSizeToFitWidthTRUEProtocolTest.swift in Sources */ = {isa = PBXBuildFile; fileRef = BE6A819A1B85E1B500430EAB /* AdjustFontSizeToFitWidthTRUEProtocolTest.swift */; };
		BE6A819E1B85EA3C00430EAB /* LineBreakModeProtocolTest.swift in Sources */ = {isa = PBXBuildFile; fileRef = BE6A819D1B85EA3C00430EAB /* LineBreakModeProtocolTest.swift */; };
		BE6A81A11B85EC3800430EAB /* ContentVerticalAlignmentProtocolTest.swift in Sources */ = {isa = PBXBuildFile; fileRef = BE6A81A01B85EC3800430EAB /* ContentVerticalAlignmentProtocolTest.swift */; };
		BE6A81A31B85EC4500430EAB /* ContentHorizontalAlignmentProtocolTest.swift in Sources */ = {isa = PBXBuildFile; fileRef = BE6A81A21B85EC4500430EAB /* ContentHorizontalAlignmentProtocolTest.swift */; };
		BE6A81A51B85EEA700430EAB /* ContentEdgeInsetsProtocolTest.swift in Sources */ = {isa = PBXBuildFile; fileRef = BE6A81A41B85EEA700430EAB /* ContentEdgeInsetsProtocolTest.swift */; };
		BE6A81A81B85F11500430EAB /* TitleEdgeInsetsProtocolTest.swift in Sources */ = {isa = PBXBuildFile; fileRef = BE6A81A71B85F11500430EAB /* TitleEdgeInsetsProtocolTest.swift */; };
		BE6A81AA1B85FA1D00430EAB /* TitleColorForStateProtocolTest.swift in Sources */ = {isa = PBXBuildFile; fileRef = BE6A81A91B85FA1D00430EAB /* TitleColorForStateProtocolTest.swift */; };
		BE6A81AC1B8620F100430EAB /* TitleShadowColorForStateProtocolTest.swift in Sources */ = {isa = PBXBuildFile; fileRef = BE6A81AB1B8620F100430EAB /* TitleShadowColorForStateProtocolTest.swift */; };
		BE6A81AE1B86223800430EAB /* ImageForStateProtocolTest.swift in Sources */ = {isa = PBXBuildFile; fileRef = BE6A81AD1B86223800430EAB /* ImageForStateProtocolTest.swift */; };
		BE6A81B01B86236F00430EAB /* BackgroundImageForStateProtocolTest.swift in Sources */ = {isa = PBXBuildFile; fileRef = BE6A81AF1B86236F00430EAB /* BackgroundImageForStateProtocolTest.swift */; };
		BE6A81B21B86248000430EAB /* Images.xcassets in Resources */ = {isa = PBXBuildFile; fileRef = BE6A81B11B86248000430EAB /* Images.xcassets */; };
		BE6A81B51B86274000430EAB /* TitleTextAttributesForStateProtocolTest.swift in Sources */ = {isa = PBXBuildFile; fileRef = BE6A81B41B86274000430EAB /* TitleTextAttributesForStateProtocolTest.swift */; };
		BE6A81B71B86352F00430EAB /* MinimumTrackTintColorProtocolTest.swift in Sources */ = {isa = PBXBuildFile; fileRef = BE6A81B61B86352F00430EAB /* MinimumTrackTintColorProtocolTest.swift */; };
		BE6A81BA1B86373800430EAB /* MaximumTrackTintColorProtocolTest.swift in Sources */ = {isa = PBXBuildFile; fileRef = BE6A81B91B86373800430EAB /* MaximumTrackTintColorProtocolTest.swift */; };
		BE6A81BC1B86380800430EAB /* ThumbTintColorProtocolTest.swift in Sources */ = {isa = PBXBuildFile; fileRef = BE6A81BB1B86380800430EAB /* ThumbTintColorProtocolTest.swift */; };
		BE6A81BE1B86392C00430EAB /* ProgressTintColorProtocolTest.swift in Sources */ = {isa = PBXBuildFile; fileRef = BE6A81BD1B86392C00430EAB /* ProgressTintColorProtocolTest.swift */; };
		BE6A81C11B863A0B00430EAB /* TrackTintColorProtocolTest.swift in Sources */ = {isa = PBXBuildFile; fileRef = BE6A81C01B863A0B00430EAB /* TrackTintColorProtocolTest.swift */; };
		BE6A81C31B863A7000430EAB /* OnTintColorProtocolTest.swift in Sources */ = {isa = PBXBuildFile; fileRef = BE6A81C21B863A7000430EAB /* OnTintColorProtocolTest.swift */; };
		BE6A81C61B863C1A00430EAB /* BarTintColorProtocolTest.swift in Sources */ = {isa = PBXBuildFile; fileRef = BE6A81C51B863C1A00430EAB /* BarTintColorProtocolTest.swift */; };
		BE6A81C81B863D0C00430EAB /* TransluentTRUEProtocolTest.swift in Sources */ = {isa = PBXBuildFile; fileRef = BE6A81C71B863D0C00430EAB /* TransluentTRUEProtocolTest.swift */; };
		BE6A81CA1B863DCE00430EAB /* CurrentPageTintColorProtocolTest.swift in Sources */ = {isa = PBXBuildFile; fileRef = BE6A81C91B863DCE00430EAB /* CurrentPageTintColorProtocolTest.swift */; };
/* End PBXBuildFile section */

/* Begin PBXContainerItemProxy section */
		A544F5C71B566D8400BB6BF7 /* PBXContainerItemProxy */ = {
			isa = PBXContainerItemProxy;
			containerPortal = A544F5AA1B566D8400BB6BF7 /* Project object */;
			proxyType = 1;
			remoteGlobalIDString = A544F5B11B566D8400BB6BF7;
			remoteInfo = ProtocolUI;
		};
/* End PBXContainerItemProxy section */

/* Begin PBXFileReference section */
		A50AC3851B67A2190095113C /* Temp.swift */ = {isa = PBXFileReference; fileEncoding = 4; lastKnownFileType = sourcecode.swift; path = Temp.swift; sourceTree = "<group>"; };
		A526F2BD1B80DFAE009613FE /* ViewController.swift */ = {isa = PBXFileReference; fileEncoding = 4; lastKnownFileType = sourcecode.swift; path = ViewController.swift; sourceTree = "<group>"; };
		A544F5B21B566D8400BB6BF7 /* ProtocolUI.app */ = {isa = PBXFileReference; explicitFileType = wrapper.application; includeInIndex = 0; path = ProtocolUI.app; sourceTree = BUILT_PRODUCTS_DIR; };
		A544F5B51B566D8400BB6BF7 /* AppDelegate.swift */ = {isa = PBXFileReference; lastKnownFileType = sourcecode.swift; path = AppDelegate.swift; sourceTree = "<group>"; };
		A544F5BA1B566D8400BB6BF7 /* Base */ = {isa = PBXFileReference; lastKnownFileType = file.storyboard; name = Base; path = Base.lproj/Main.storyboard; sourceTree = "<group>"; };
		A544F5BC1B566D8400BB6BF7 /* Assets.xcassets */ = {isa = PBXFileReference; lastKnownFileType = folder.assetcatalog; path = Assets.xcassets; sourceTree = "<group>"; };
		A544F5BF1B566D8400BB6BF7 /* Base */ = {isa = PBXFileReference; lastKnownFileType = file.storyboard; name = Base; path = Base.lproj/LaunchScreen.storyboard; sourceTree = "<group>"; };
		A544F5C11B566D8400BB6BF7 /* Info.plist */ = {isa = PBXFileReference; lastKnownFileType = text.plist.xml; path = Info.plist; sourceTree = "<group>"; };
		A544F5C61B566D8400BB6BF7 /* ProtocolUITests.xctest */ = {isa = PBXFileReference; explicitFileType = wrapper.cfbundle; includeInIndex = 0; path = ProtocolUITests.xctest; sourceTree = BUILT_PRODUCTS_DIR; };
		A544F5CC1B566D8400BB6BF7 /* Info.plist */ = {isa = PBXFileReference; lastKnownFileType = text.plist.xml; path = Info.plist; sourceTree = "<group>"; };
		A544F5D51B566D8500BB6BF7 /* ProtocolUIUITests.swift */ = {isa = PBXFileReference; lastKnownFileType = sourcecode.swift; path = ProtocolUIUITests.swift; sourceTree = "<group>"; };
		A544F5D71B566D8500BB6BF7 /* Info.plist */ = {isa = PBXFileReference; lastKnownFileType = text.plist.xml; path = Info.plist; sourceTree = "<group>"; };
		A544F5E31B566F3300BB6BF7 /* ProtocolUI.swift */ = {isa = PBXFileReference; fileEncoding = 4; lastKnownFileType = sourcecode.swift; name = ProtocolUI.swift; path = ../ProtocolUI.swift; sourceTree = "<group>"; };
		A5BBE7281B8321C1002F2EA6 /* BorderWithProtocolTest.swift */ = {isa = PBXFileReference; fileEncoding = 4; lastKnownFileType = sourcecode.swift; path = BorderWithProtocolTest.swift; sourceTree = "<group>"; };
		A5BBE72C1B832ACE002F2EA6 /* BorderColorProtocolTest.swift */ = {isa = PBXFileReference; fileEncoding = 4; lastKnownFileType = sourcecode.swift; path = BorderColorProtocolTest.swift; sourceTree = "<group>"; };
		BE2290111B838CD50049FA2F /* SharedTestCode.swift */ = {isa = PBXFileReference; lastKnownFileType = sourcecode.swift; path = SharedTestCode.swift; sourceTree = "<group>"; };
		BE2290121B838DAA0049FA2F /* SharedCodeCopyScript.swift */ = {isa = PBXFileReference; lastKnownFileType = sourcecode.swift; path = SharedCodeCopyScript.swift; sourceTree = "<group>"; };
		BE2290181B839EEB0049FA2F /* ShadowColorProtocolTest.swift */ = {isa = PBXFileReference; fileEncoding = 4; lastKnownFileType = sourcecode.swift; path = ShadowColorProtocolTest.swift; sourceTree = "<group>"; };
		BE22901A1B83A0470049FA2F /* ShadowOpacityProtocolTest.swift */ = {isa = PBXFileReference; fileEncoding = 4; lastKnownFileType = sourcecode.swift; path = ShadowOpacityProtocolTest.swift; sourceTree = "<group>"; };
		BE22901C1B8474F40049FA2F /* TextColorProtocolTest.swift */ = {isa = PBXFileReference; fileEncoding = 4; lastKnownFileType = sourcecode.swift; path = TextColorProtocolTest.swift; sourceTree = "<group>"; };
		BE22901E1B847BB40049FA2F /* FontProtocolTest.swift */ = {isa = PBXFileReference; fileEncoding = 4; lastKnownFileType = sourcecode.swift; path = FontProtocolTest.swift; sourceTree = "<group>"; };
		BE2290211B8481850049FA2F /* ShadowOffsetProtocolTest.swift */ = {isa = PBXFileReference; fileEncoding = 4; lastKnownFileType = sourcecode.swift; path = ShadowOffsetProtocolTest.swift; sourceTree = "<group>"; };
		BE2290231B8481970049FA2F /* ShadowRadiusProtocolTest.swift */ = {isa = PBXFileReference; fileEncoding = 4; lastKnownFileType = sourcecode.swift; path = ShadowRadiusProtocolTest.swift; sourceTree = "<group>"; };
		BE2290251B8481BB0049FA2F /* CornerRadiusProtocolTest.swift */ = {isa = PBXFileReference; fileEncoding = 4; lastKnownFileType = sourcecode.swift; path = CornerRadiusProtocolTest.swift; sourceTree = "<group>"; };
		BE2290271B8481CF0049FA2F /* MasksToBoundsTRUEProtocolTest.swift */ = {isa = PBXFileReference; fileEncoding = 4; lastKnownFileType = sourcecode.swift; path = MasksToBoundsTRUEProtocolTest.swift; sourceTree = "<group>"; };
		BE2290291B8481F60049FA2F /* ShouldRasterizeTRUEProtocolTest.swift */ = {isa = PBXFileReference; fileEncoding = 4; lastKnownFileType = sourcecode.swift; path = ShouldRasterizeTRUEProtocolTest.swift; sourceTree = "<group>"; };
		BE22902B1B8485B10049FA2F /* CustomClosureProtocolTest.swift */ = {isa = PBXFileReference; fileEncoding = 4; lastKnownFileType = sourcecode.swift; path = CustomClosureProtocolTest.swift; sourceTree = "<group>"; };
		BE22902F1B8492F00049FA2F /* BackgroundColorProtocolTest.swift */ = {isa = PBXFileReference; fileEncoding = 4; lastKnownFileType = sourcecode.swift; path = BackgroundColorProtocolTest.swift; sourceTree = "<group>"; };
		BE2290311B8497230049FA2F /* TintColorProtocolTest.swift */ = {isa = PBXFileReference; fileEncoding = 4; lastKnownFileType = sourcecode.swift; path = TintColorProtocolTest.swift; sourceTree = "<group>"; };
		BE2290331B84990C0049FA2F /* AlphaProtocolTest.swift */ = {isa = PBXFileReference; fileEncoding = 4; lastKnownFileType = sourcecode.swift; path = AlphaProtocolTest.swift; sourceTree = "<group>"; };
		BE2290351B849A950049FA2F /* ContentModeProtocolTest.swift */ = {isa = PBXFileReference; fileEncoding = 4; lastKnownFileType = sourcecode.swift; path = ContentModeProtocolTest.swift; sourceTree = "<group>"; };
		BE2290371B849B1A0049FA2F /* OpaqueTRUEProtocolTest.swift */ = {isa = PBXFileReference; fileEncoding = 4; lastKnownFileType = sourcecode.swift; path = OpaqueTRUEProtocolTest.swift; sourceTree = "<group>"; };
		BE4B479F1B822B7F00C9E9AB /* NavigationController.swift */ = {isa = PBXFileReference; fileEncoding = 4; lastKnownFileType = sourcecode.swift; path = NavigationController.swift; sourceTree = "<group>"; };
		BE6A81981B85E1A100430EAB /* TextAlignmentProtocolTest.swift */ = {isa = PBXFileReference; fileEncoding = 4; lastKnownFileType = sourcecode.swift; path = TextAlignmentProtocolTest.swift; sourceTree = "<group>"; };
		BE6A819A1B85E1B500430EAB /* AdjustFontSizeToFitWidthTRUEProtocolTest.swift */ = {isa = PBXFileReference; fileEncoding = 4; lastKnownFileType = sourcecode.swift; path = AdjustFontSizeToFitWidthTRUEProtocolTest.swift; sourceTree = "<group>"; };
		BE6A819D1B85EA3C00430EAB /* LineBreakModeProtocolTest.swift */ = {isa = PBXFileReference; fileEncoding = 4; lastKnownFileType = sourcecode.swift; path = LineBreakModeProtocolTest.swift; sourceTree = "<group>"; };
		BE6A81A01B85EC3800430EAB /* ContentVerticalAlignmentProtocolTest.swift */ = {isa = PBXFileReference; fileEncoding = 4; lastKnownFileType = sourcecode.swift; path = ContentVerticalAlignmentProtocolTest.swift; sourceTree = "<group>"; };
		BE6A81A21B85EC4500430EAB /* ContentHorizontalAlignmentProtocolTest.swift */ = {isa = PBXFileReference; fileEncoding = 4; lastKnownFileType = sourcecode.swift; path = ContentHorizontalAlignmentProtocolTest.swift; sourceTree = "<group>"; };
		BE6A81A41B85EEA700430EAB /* ContentEdgeInsetsProtocolTest.swift */ = {isa = PBXFileReference; fileEncoding = 4; lastKnownFileType = sourcecode.swift; path = ContentEdgeInsetsProtocolTest.swift; sourceTree = "<group>"; };
		BE6A81A71B85F11500430EAB /* TitleEdgeInsetsProtocolTest.swift */ = {isa = PBXFileReference; fileEncoding = 4; lastKnownFileType = sourcecode.swift; path = TitleEdgeInsetsProtocolTest.swift; sourceTree = "<group>"; };
		BE6A81A91B85FA1D00430EAB /* TitleColorForStateProtocolTest.swift */ = {isa = PBXFileReference; fileEncoding = 4; lastKnownFileType = sourcecode.swift; path = TitleColorForStateProtocolTest.swift; sourceTree = "<group>"; };
		BE6A81AB1B8620F100430EAB /* TitleShadowColorForStateProtocolTest.swift */ = {isa = PBXFileReference; fileEncoding = 4; lastKnownFileType = sourcecode.swift; path = TitleShadowColorForStateProtocolTest.swift; sourceTree = "<group>"; };
		BE6A81AD1B86223800430EAB /* ImageForStateProtocolTest.swift */ = {isa = PBXFileReference; fileEncoding = 4; lastKnownFileType = sourcecode.swift; path = ImageForStateProtocolTest.swift; sourceTree = "<group>"; };
		BE6A81AF1B86236F00430EAB /* BackgroundImageForStateProtocolTest.swift */ = {isa = PBXFileReference; fileEncoding = 4; lastKnownFileType = sourcecode.swift; path = BackgroundImageForStateProtocolTest.swift; sourceTree = "<group>"; };
		BE6A81B11B86248000430EAB /* Images.xcassets */ = {isa = PBXFileReference; lastKnownFileType = folder.assetcatalog; path = Images.xcassets; sourceTree = "<group>"; };
		BE6A81B41B86274000430EAB /* TitleTextAttributesForStateProtocolTest.swift */ = {isa = PBXFileReference; fileEncoding = 4; lastKnownFileType = sourcecode.swift; path = TitleTextAttributesForStateProtocolTest.swift; sourceTree = "<group>"; };
		BE6A81B61B86352F00430EAB /* MinimumTrackTintColorProtocolTest.swift */ = {isa = PBXFileReference; fileEncoding = 4; lastKnownFileType = sourcecode.swift; path = MinimumTrackTintColorProtocolTest.swift; sourceTree = "<group>"; };
		BE6A81B91B86373800430EAB /* MaximumTrackTintColorProtocolTest.swift */ = {isa = PBXFileReference; fileEncoding = 4; lastKnownFileType = sourcecode.swift; path = MaximumTrackTintColorProtocolTest.swift; sourceTree = "<group>"; };
		BE6A81BB1B86380800430EAB /* ThumbTintColorProtocolTest.swift */ = {isa = PBXFileReference; fileEncoding = 4; lastKnownFileType = sourcecode.swift; path = ThumbTintColorProtocolTest.swift; sourceTree = "<group>"; };
		BE6A81BD1B86392C00430EAB /* ProgressTintColorProtocolTest.swift */ = {isa = PBXFileReference; fileEncoding = 4; lastKnownFileType = sourcecode.swift; path = ProgressTintColorProtocolTest.swift; sourceTree = "<group>"; };
		BE6A81C01B863A0B00430EAB /* TrackTintColorProtocolTest.swift */ = {isa = PBXFileReference; fileEncoding = 4; lastKnownFileType = sourcecode.swift; path = TrackTintColorProtocolTest.swift; sourceTree = "<group>"; };
		BE6A81C21B863A7000430EAB /* OnTintColorProtocolTest.swift */ = {isa = PBXFileReference; fileEncoding = 4; lastKnownFileType = sourcecode.swift; path = OnTintColorProtocolTest.swift; sourceTree = "<group>"; };
		BE6A81C51B863C1A00430EAB /* BarTintColorProtocolTest.swift */ = {isa = PBXFileReference; fileEncoding = 4; lastKnownFileType = sourcecode.swift; path = BarTintColorProtocolTest.swift; sourceTree = "<group>"; };
		BE6A81C71B863D0C00430EAB /* TransluentTRUEProtocolTest.swift */ = {isa = PBXFileReference; fileEncoding = 4; lastKnownFileType = sourcecode.swift; path = TransluentTRUEProtocolTest.swift; sourceTree = "<group>"; };
		BE6A81C91B863DCE00430EAB /* CurrentPageTintColorProtocolTest.swift */ = {isa = PBXFileReference; fileEncoding = 4; lastKnownFileType = sourcecode.swift; path = CurrentPageTintColorProtocolTest.swift; sourceTree = "<group>"; };
/* End PBXFileReference section */

/* Begin PBXFrameworksBuildPhase section */
		A544F5AF1B566D8400BB6BF7 /* Frameworks */ = {
			isa = PBXFrameworksBuildPhase;
			buildActionMask = 2147483647;
			files = (
			);
			runOnlyForDeploymentPostprocessing = 0;
		};
		A544F5C31B566D8400BB6BF7 /* Frameworks */ = {
			isa = PBXFrameworksBuildPhase;
			buildActionMask = 2147483647;
			files = (
			);
			runOnlyForDeploymentPostprocessing = 0;
		};
/* End PBXFrameworksBuildPhase section */

/* Begin PBXGroup section */
		A544F5A91B566D8400BB6BF7 = {
			isa = PBXGroup;
			children = (
				A544F5B41B566D8400BB6BF7 /* ProtocolUI */,
				A544F5C91B566D8400BB6BF7 /* ProtocolUITests */,
				A544F5D41B566D8500BB6BF7 /* ProtocolUIUITests */,
				A544F5B31B566D8400BB6BF7 /* Products */,
			);
			sourceTree = "<group>";
		};
		A544F5B31B566D8400BB6BF7 /* Products */ = {
			isa = PBXGroup;
			children = (
				A544F5B21B566D8400BB6BF7 /* ProtocolUI.app */,
				A544F5C61B566D8400BB6BF7 /* ProtocolUITests.xctest */,
			);
			name = Products;
			sourceTree = "<group>";
		};
		A544F5B41B566D8400BB6BF7 /* ProtocolUI */ = {
			isa = PBXGroup;
			children = (
				A544F5E31B566F3300BB6BF7 /* ProtocolUI.swift */,
				A544F5B51B566D8400BB6BF7 /* AppDelegate.swift */,
				A50AC3851B67A2190095113C /* Temp.swift */,
				A544F5B91B566D8400BB6BF7 /* Main.storyboard */,
				A544F5BC1B566D8400BB6BF7 /* Assets.xcassets */,
				A544F5BE1B566D8400BB6BF7 /* LaunchScreen.storyboard */,
				A544F5C11B566D8400BB6BF7 /* Info.plist */,
				A526F2BD1B80DFAE009613FE /* ViewController.swift */,
				BE4B479F1B822B7F00C9E9AB /* NavigationController.swift */,
			);
			path = ProtocolUI;
			sourceTree = "<group>";
		};
		A544F5C91B566D8400BB6BF7 /* ProtocolUITests */ = {
			isa = PBXGroup;
			children = (
				BE22902B1B8485B10049FA2F /* CustomClosureProtocolTest.swift */,
				BE2290201B84815B0049FA2F /* CALayer */,
				BE22902D1B8492B80049FA2F /* UIView */,
				BE22902E1B8492CF0049FA2F /* Text Related */,
				BE6A819C1B85E20200430EAB /* UILabel */,
				BE6A819F1B85EC1200430EAB /* UIControl */,
				BE6A81A61B85EEAC00430EAB /* UIButton */,
				BE6A81B81B86353300430EAB /* UISlider */,
				BE6A81B41B86274000430EAB /* TitleTextAttributesForStateProtocolTest.swift */,
				BE6A81BB1B86380800430EAB /* ThumbTintColorProtocolTest.swift */,
				BE6A81C51B863C1A00430EAB /* BarTintColorProtocolTest.swift */,
				BE6A81C71B863D0C00430EAB /* TransluentTRUEProtocolTest.swift */,
				BE6A81C91B863DCE00430EAB /* CurrentPageTintColorProtocolTest.swift */,
				BE6A81BF1B86393100430EAB /* UIProgressView */,
				BE6A81C41B863A7400430EAB /* UISwitch */,
				A544F5CC1B566D8400BB6BF7 /* Info.plist */,
				BE2290111B838CD50049FA2F /* SharedTestCode.swift */,
				BE2290121B838DAA0049FA2F /* SharedCodeCopyScript.swift */,
				BE6A81B11B86248000430EAB /* Images.xcassets */,
			);
			path = ProtocolUITests;
			sourceTree = "<group>";
		};
		A544F5D41B566D8500BB6BF7 /* ProtocolUIUITests */ = {
			isa = PBXGroup;
			children = (
				A544F5D51B566D8500BB6BF7 /* ProtocolUIUITests.swift */,
				A544F5D71B566D8500BB6BF7 /* Info.plist */,
			);
			path = ProtocolUIUITests;
			sourceTree = "<group>";
		};
		BE2290201B84815B0049FA2F /* CALayer */ = {
			isa = PBXGroup;
			children = (
				A5BBE7281B8321C1002F2EA6 /* BorderWithProtocolTest.swift */,
				A5BBE72C1B832ACE002F2EA6 /* BorderColorProtocolTest.swift */,
				BE2290181B839EEB0049FA2F /* ShadowColorProtocolTest.swift */,
				BE22901A1B83A0470049FA2F /* ShadowOpacityProtocolTest.swift */,
				BE2290211B8481850049FA2F /* ShadowOffsetProtocolTest.swift */,
				BE2290231B8481970049FA2F /* ShadowRadiusProtocolTest.swift */,
				BE2290251B8481BB0049FA2F /* CornerRadiusProtocolTest.swift */,
				BE2290271B8481CF0049FA2F /* MasksToBoundsTRUEProtocolTest.swift */,
				BE2290291B8481F60049FA2F /* ShouldRasterizeTRUEProtocolTest.swift */,
			);
			name = CALayer;
			sourceTree = "<group>";
		};
		BE22902D1B8492B80049FA2F /* UIView */ = {
			isa = PBXGroup;
			children = (
				BE22902F1B8492F00049FA2F /* BackgroundColorProtocolTest.swift */,
				BE2290311B8497230049FA2F /* TintColorProtocolTest.swift */,
				BE2290331B84990C0049FA2F /* AlphaProtocolTest.swift */,
				BE2290351B849A950049FA2F /* ContentModeProtocolTest.swift */,
				BE2290371B849B1A0049FA2F /* OpaqueTRUEProtocolTest.swift */,
			);
			name = UIView;
			sourceTree = "<group>";
		};
		BE22902E1B8492CF0049FA2F /* Text Related */ = {
			isa = PBXGroup;
			children = (
				BE22901C1B8474F40049FA2F /* TextColorProtocolTest.swift */,
				BE22901E1B847BB40049FA2F /* FontProtocolTest.swift */,
				BE6A81981B85E1A100430EAB /* TextAlignmentProtocolTest.swift */,
			);
			name = "Text Related";
			sourceTree = "<group>";
		};
		BE6A819C1B85E20200430EAB /* UILabel */ = {
			isa = PBXGroup;
			children = (
				BE6A819A1B85E1B500430EAB /* AdjustFontSizeToFitWidthTRUEProtocolTest.swift */,
				BE6A819D1B85EA3C00430EAB /* LineBreakModeProtocolTest.swift */,
			);
			name = UILabel;
			sourceTree = "<group>";
		};
		BE6A819F1B85EC1200430EAB /* UIControl */ = {
			isa = PBXGroup;
			children = (
				BE6A81A01B85EC3800430EAB /* ContentVerticalAlignmentProtocolTest.swift */,
				BE6A81A21B85EC4500430EAB /* ContentHorizontalAlignmentProtocolTest.swift */,
			);
			name = UIControl;
			sourceTree = "<group>";
		};
		BE6A81A61B85EEAC00430EAB /* UIButton */ = {
			isa = PBXGroup;
			children = (
				BE6A81A41B85EEA700430EAB /* ContentEdgeInsetsProtocolTest.swift */,
				BE6A81A71B85F11500430EAB /* TitleEdgeInsetsProtocolTest.swift */,
				BE6A81A91B85FA1D00430EAB /* TitleColorForStateProtocolTest.swift */,
				BE6A81AB1B8620F100430EAB /* TitleShadowColorForStateProtocolTest.swift */,
				BE6A81AD1B86223800430EAB /* ImageForStateProtocolTest.swift */,
				BE6A81AF1B86236F00430EAB /* BackgroundImageForStateProtocolTest.swift */,
			);
			name = UIButton;
			sourceTree = "<group>";
		};
		BE6A81B81B86353300430EAB /* UISlider */ = {
			isa = PBXGroup;
			children = (
				BE6A81B61B86352F00430EAB /* MinimumTrackTintColorProtocolTest.swift */,
				BE6A81B91B86373800430EAB /* MaximumTrackTintColorProtocolTest.swift */,
			);
			name = UISlider;
			sourceTree = "<group>";
		};
		BE6A81BF1B86393100430EAB /* UIProgressView */ = {
			isa = PBXGroup;
			children = (
				BE6A81BD1B86392C00430EAB /* ProgressTintColorProtocolTest.swift */,
				BE6A81C01B863A0B00430EAB /* TrackTintColorProtocolTest.swift */,
			);
			name = UIProgressView;
			sourceTree = "<group>";
		};
		BE6A81C41B863A7400430EAB /* UISwitch */ = {
			isa = PBXGroup;
			children = (
				BE6A81C21B863A7000430EAB /* OnTintColorProtocolTest.swift */,
			);
			name = UISwitch;
			sourceTree = "<group>";
		};
/* End PBXGroup section */

/* Begin PBXNativeTarget section */
		A544F5B11B566D8400BB6BF7 /* ProtocolUI */ = {
			isa = PBXNativeTarget;
			buildConfigurationList = A544F5DA1B566D8500BB6BF7 /* Build configuration list for PBXNativeTarget "ProtocolUI" */;
			buildPhases = (
				A544F5AE1B566D8400BB6BF7 /* Sources */,
				A544F5AF1B566D8400BB6BF7 /* Frameworks */,
				A544F5B01B566D8400BB6BF7 /* Resources */,
			);
			buildRules = (
			);
			dependencies = (
			);
			name = ProtocolUI;
			productName = ProtocolUI;
			productReference = A544F5B21B566D8400BB6BF7 /* ProtocolUI.app */;
			productType = "com.apple.product-type.application";
		};
		A544F5C51B566D8400BB6BF7 /* ProtocolUITests */ = {
			isa = PBXNativeTarget;
			buildConfigurationList = A544F5DD1B566D8500BB6BF7 /* Build configuration list for PBXNativeTarget "ProtocolUITests" */;
			buildPhases = (
				BE2290131B8396170049FA2F /* ShellScript */,
				A544F5C21B566D8400BB6BF7 /* Sources */,
				A544F5C31B566D8400BB6BF7 /* Frameworks */,
				A544F5C41B566D8400BB6BF7 /* Resources */,
			);
			buildRules = (
			);
			dependencies = (
				A544F5C81B566D8400BB6BF7 /* PBXTargetDependency */,
			);
			name = ProtocolUITests;
			productName = ProtocolUITests;
			productReference = A544F5C61B566D8400BB6BF7 /* ProtocolUITests.xctest */;
			productType = "com.apple.product-type.bundle.unit-test";
		};
/* End PBXNativeTarget section */

/* Begin PBXProject section */
		A544F5AA1B566D8400BB6BF7 /* Project object */ = {
			isa = PBXProject;
			attributes = {
				LastUpgradeCheck = 0700;
				ORGANIZATIONNAME = STRV;
				TargetAttributes = {
					A544F5B11B566D8400BB6BF7 = {
						CreatedOnToolsVersion = 7.0;
					};
					A544F5C51B566D8400BB6BF7 = {
						CreatedOnToolsVersion = 7.0;
						TestTargetID = A544F5B11B566D8400BB6BF7;
					};
				};
			};
			buildConfigurationList = A544F5AD1B566D8400BB6BF7 /* Build configuration list for PBXProject "ProtocolUI" */;
			compatibilityVersion = "Xcode 3.2";
			developmentRegion = English;
			hasScannedForEncodings = 0;
			knownRegions = (
				en,
				Base,
			);
			mainGroup = A544F5A91B566D8400BB6BF7;
			productRefGroup = A544F5B31B566D8400BB6BF7 /* Products */;
			projectDirPath = "";
			projectRoot = "";
			targets = (
				A544F5B11B566D8400BB6BF7 /* ProtocolUI */,
				A544F5C51B566D8400BB6BF7 /* ProtocolUITests */,
			);
		};
/* End PBXProject section */

/* Begin PBXResourcesBuildPhase section */
		A544F5B01B566D8400BB6BF7 /* Resources */ = {
			isa = PBXResourcesBuildPhase;
			buildActionMask = 2147483647;
			files = (
				A544F5C01B566D8400BB6BF7 /* LaunchScreen.storyboard in Resources */,
				A544F5BD1B566D8400BB6BF7 /* Assets.xcassets in Resources */,
				A544F5BB1B566D8400BB6BF7 /* Main.storyboard in Resources */,
			);
			runOnlyForDeploymentPostprocessing = 0;
		};
		A544F5C41B566D8400BB6BF7 /* Resources */ = {
			isa = PBXResourcesBuildPhase;
			buildActionMask = 2147483647;
			files = (
				BE6A81B21B86248000430EAB /* Images.xcassets in Resources */,
			);
			runOnlyForDeploymentPostprocessing = 0;
		};
/* End PBXResourcesBuildPhase section */

/* Begin PBXShellScriptBuildPhase section */
		BE2290131B8396170049FA2F /* ShellScript */ = {
			isa = PBXShellScriptBuildPhase;
			buildActionMask = 2147483647;
			files = (
			);
			inputPaths = (
			);
			outputPaths = (
			);
			runOnlyForDeploymentPostprocessing = 0;
			shellPath = /bin/sh;
			shellScript = "$PROJECT_DIR/$TARGET_NAME/SharedCodeCopyScript.swift $PROJECT_DIR/$TARGET_NAME";
		};
/* End PBXShellScriptBuildPhase section */

/* Begin PBXSourcesBuildPhase section */
		A544F5AE1B566D8400BB6BF7 /* Sources */ = {
			isa = PBXSourcesBuildPhase;
			buildActionMask = 2147483647;
			files = (
				A50AC3861B67A2190095113C /* Temp.swift in Sources */,
				A544F5B61B566D8400BB6BF7 /* AppDelegate.swift in Sources */,
				BE4B47A01B822B7F00C9E9AB /* NavigationController.swift in Sources */,
				A526F2BE1B80DFAE009613FE /* ViewController.swift in Sources */,
				A544F5E41B566F3300BB6BF7 /* ProtocolUI.swift in Sources */,
			);
			runOnlyForDeploymentPostprocessing = 0;
		};
		A544F5C21B566D8400BB6BF7 /* Sources */ = {
			isa = PBXSourcesBuildPhase;
			buildActionMask = 2147483647;
			files = (
				BE6A819B1B85E1B500430EAB /* AdjustFontSizeToFitWidthTRUEProtocolTest.swift in Sources */,
				BE6A81A81B85F11500430EAB /* TitleEdgeInsetsProtocolTest.swift in Sources */,
				BE6A81AC1B8620F100430EAB /* TitleShadowColorForStateProtocolTest.swift in Sources */,
				BE6A81991B85E1A100430EAB /* TextAlignmentProtocolTest.swift in Sources */,
				BE6A819E1B85EA3C00430EAB /* LineBreakModeProtocolTest.swift in Sources */,
				BE22902C1B8485B10049FA2F /* CustomClosureProtocolTest.swift in Sources */,
				BE22901F1B847BB40049FA2F /* FontProtocolTest.swift in Sources */,
				BE2290281B8481CF0049FA2F /* MasksToBoundsTRUEProtocolTest.swift in Sources */,
				BE2290241B8481970049FA2F /* ShadowRadiusProtocolTest.swift in Sources */,
				BE2290341B84990C0049FA2F /* AlphaProtocolTest.swift in Sources */,
				BE6A81C61B863C1A00430EAB /* BarTintColorProtocolTest.swift in Sources */,
				BE22901D1B8474F40049FA2F /* TextColorProtocolTest.swift in Sources */,
				BE2290191B839EEB0049FA2F /* ShadowColorProtocolTest.swift in Sources */,
				A5BBE72D1B832ACE002F2EA6 /* BorderColorProtocolTest.swift in Sources */,
				BE6A81A51B85EEA700430EAB /* ContentEdgeInsetsProtocolTest.swift in Sources */,
				BE6A81C11B863A0B00430EAB /* TrackTintColorProtocolTest.swift in Sources */,
				A5BBE7291B8321C1002F2EA6 /* BorderWithProtocolTest.swift in Sources */,
				BE2290321B8497230049FA2F /* TintColorProtocolTest.swift in Sources */,
				BE6A81B51B86274000430EAB /* TitleTextAttributesForStateProtocolTest.swift in Sources */,
				BE6A81A31B85EC4500430EAB /* ContentHorizontalAlignmentProtocolTest.swift in Sources */,
				BE6A81B01B86236F00430EAB /* BackgroundImageForStateProtocolTest.swift in Sources */,
				BE2290361B849A950049FA2F /* ContentModeProtocolTest.swift in Sources */,
				BE6A81BA1B86373800430EAB /* MaximumTrackTintColorProtocolTest.swift in Sources */,
				BE2290381B849B1A0049FA2F /* OpaqueTRUEProtocolTest.swift in Sources */,
				BE6A81C81B863D0C00430EAB /* TransluentTRUEProtocolTest.swift in Sources */,
				BE6A81BC1B86380800430EAB /* ThumbTintColorProtocolTest.swift in Sources */,
				BE22901B1B83A0470049FA2F /* ShadowOpacityProtocolTest.swift in Sources */,
				BE6A81BE1B86392C00430EAB /* ProgressTintColorProtocolTest.swift in Sources */,
				BE2290301B8492F00049FA2F /* BackgroundColorProtocolTest.swift in Sources */,
				BE6A81A11B85EC3800430EAB /* ContentVerticalAlignmentProtocolTest.swift in Sources */,
				BE6A81AA1B85FA1D00430EAB /* TitleColorForStateProtocolTest.swift in Sources */,
				BE6A81CA1B863DCE00430EAB /* CurrentPageTintColorProtocolTest.swift in Sources */,
				BE6A81C31B863A7000430EAB /* OnTintColorProtocolTest.swift in Sources */,
				BE2290221B8481850049FA2F /* ShadowOffsetProtocolTest.swift in Sources */,
				BE22902A1B8481F60049FA2F /* ShouldRasterizeTRUEProtocolTest.swift in Sources */,
				BE2290261B8481BB0049FA2F /* CornerRadiusProtocolTest.swift in Sources */,
				BE6A81AE1B86223800430EAB /* ImageForStateProtocolTest.swift in Sources */,
				BE6A81B71B86352F00430EAB /* MinimumTrackTintColorProtocolTest.swift in Sources */,
			);
			runOnlyForDeploymentPostprocessing = 0;
		};
/* End PBXSourcesBuildPhase section */

/* Begin PBXTargetDependency section */
		A544F5C81B566D8400BB6BF7 /* PBXTargetDependency */ = {
			isa = PBXTargetDependency;
			target = A544F5B11B566D8400BB6BF7 /* ProtocolUI */;
			targetProxy = A544F5C71B566D8400BB6BF7 /* PBXContainerItemProxy */;
		};
/* End PBXTargetDependency section */

/* Begin PBXVariantGroup section */
		A544F5B91B566D8400BB6BF7 /* Main.storyboard */ = {
			isa = PBXVariantGroup;
			children = (
				A544F5BA1B566D8400BB6BF7 /* Base */,
			);
			name = Main.storyboard;
			sourceTree = "<group>";
		};
		A544F5BE1B566D8400BB6BF7 /* LaunchScreen.storyboard */ = {
			isa = PBXVariantGroup;
			children = (
				A544F5BF1B566D8400BB6BF7 /* Base */,
			);
			name = LaunchScreen.storyboard;
			sourceTree = "<group>";
		};
/* End PBXVariantGroup section */

/* Begin XCBuildConfiguration section */
		A544F5D81B566D8500BB6BF7 /* Debug */ = {
			isa = XCBuildConfiguration;
			buildSettings = {
				ALWAYS_SEARCH_USER_PATHS = NO;
				CLANG_CXX_LANGUAGE_STANDARD = "gnu++0x";
				CLANG_CXX_LIBRARY = "libc++";
				CLANG_ENABLE_MODULES = YES;
				CLANG_ENABLE_OBJC_ARC = YES;
				CLANG_WARN_BOOL_CONVERSION = YES;
				CLANG_WARN_CONSTANT_CONVERSION = YES;
				CLANG_WARN_DIRECT_OBJC_ISA_USAGE = YES_ERROR;
				CLANG_WARN_EMPTY_BODY = YES;
				CLANG_WARN_ENUM_CONVERSION = YES;
				CLANG_WARN_INT_CONVERSION = YES;
				CLANG_WARN_OBJC_ROOT_CLASS = YES_ERROR;
				CLANG_WARN_UNREACHABLE_CODE = YES;
				CLANG_WARN__DUPLICATE_METHOD_MATCH = YES;
				"CODE_SIGN_IDENTITY[sdk=iphoneos*]" = "iPhone Developer";
				COPY_PHASE_STRIP = NO;
				DEBUG_INFORMATION_FORMAT = dwarf;
				ENABLE_STRICT_OBJC_MSGSEND = YES;
				ENABLE_TESTABILITY = YES;
				GCC_C_LANGUAGE_STANDARD = gnu99;
				GCC_DYNAMIC_NO_PIC = NO;
				GCC_NO_COMMON_BLOCKS = YES;
				GCC_OPTIMIZATION_LEVEL = 0;
				GCC_PREPROCESSOR_DEFINITIONS = (
					"DEBUG=1",
					"$(inherited)",
				);
				GCC_WARN_64_TO_32_BIT_CONVERSION = YES;
				GCC_WARN_ABOUT_RETURN_TYPE = YES_ERROR;
				GCC_WARN_UNDECLARED_SELECTOR = YES;
				GCC_WARN_UNINITIALIZED_AUTOS = YES_AGGRESSIVE;
				GCC_WARN_UNUSED_FUNCTION = YES;
				GCC_WARN_UNUSED_VARIABLE = YES;
				IPHONEOS_DEPLOYMENT_TARGET = 9.0;
				MTL_ENABLE_DEBUG_INFO = YES;
				ONLY_ACTIVE_ARCH = YES;
				SDKROOT = iphoneos;
				SWIFT_OPTIMIZATION_LEVEL = "-Onone";
			};
			name = Debug;
		};
		A544F5D91B566D8500BB6BF7 /* Release */ = {
			isa = XCBuildConfiguration;
			buildSettings = {
				ALWAYS_SEARCH_USER_PATHS = NO;
				CLANG_CXX_LANGUAGE_STANDARD = "gnu++0x";
				CLANG_CXX_LIBRARY = "libc++";
				CLANG_ENABLE_MODULES = YES;
				CLANG_ENABLE_OBJC_ARC = YES;
				CLANG_WARN_BOOL_CONVERSION = YES;
				CLANG_WARN_CONSTANT_CONVERSION = YES;
				CLANG_WARN_DIRECT_OBJC_ISA_USAGE = YES_ERROR;
				CLANG_WARN_EMPTY_BODY = YES;
				CLANG_WARN_ENUM_CONVERSION = YES;
				CLANG_WARN_INT_CONVERSION = YES;
				CLANG_WARN_OBJC_ROOT_CLASS = YES_ERROR;
				CLANG_WARN_UNREACHABLE_CODE = YES;
				CLANG_WARN__DUPLICATE_METHOD_MATCH = YES;
				"CODE_SIGN_IDENTITY[sdk=iphoneos*]" = "iPhone Developer";
				COPY_PHASE_STRIP = NO;
				DEBUG_INFORMATION_FORMAT = "dwarf-with-dsym";
				ENABLE_NS_ASSERTIONS = NO;
				ENABLE_STRICT_OBJC_MSGSEND = YES;
				GCC_C_LANGUAGE_STANDARD = gnu99;
				GCC_NO_COMMON_BLOCKS = YES;
				GCC_WARN_64_TO_32_BIT_CONVERSION = YES;
				GCC_WARN_ABOUT_RETURN_TYPE = YES_ERROR;
				GCC_WARN_UNDECLARED_SELECTOR = YES;
				GCC_WARN_UNINITIALIZED_AUTOS = YES_AGGRESSIVE;
				GCC_WARN_UNUSED_FUNCTION = YES;
				GCC_WARN_UNUSED_VARIABLE = YES;
				IPHONEOS_DEPLOYMENT_TARGET = 9.0;
				MTL_ENABLE_DEBUG_INFO = NO;
				SDKROOT = iphoneos;
				VALIDATE_PRODUCT = YES;
			};
			name = Release;
		};
		A544F5DB1B566D8500BB6BF7 /* Debug */ = {
			isa = XCBuildConfiguration;
			buildSettings = {
				ASSETCATALOG_COMPILER_APPICON_NAME = AppIcon;
				INFOPLIST_FILE = ProtocolUI/Info.plist;
				LD_RUNPATH_SEARCH_PATHS = "$(inherited) @executable_path/Frameworks";
				PRODUCT_BUNDLE_IDENTIFIER = com.strv.ProtocolUI;
				PRODUCT_NAME = "$(TARGET_NAME)";
			};
			name = Debug;
		};
		A544F5DC1B566D8500BB6BF7 /* Release */ = {
			isa = XCBuildConfiguration;
			buildSettings = {
				ASSETCATALOG_COMPILER_APPICON_NAME = AppIcon;
				INFOPLIST_FILE = ProtocolUI/Info.plist;
				LD_RUNPATH_SEARCH_PATHS = "$(inherited) @executable_path/Frameworks";
				PRODUCT_BUNDLE_IDENTIFIER = com.strv.ProtocolUI;
				PRODUCT_NAME = "$(TARGET_NAME)";
			};
			name = Release;
		};
		A544F5DE1B566D8500BB6BF7 /* Debug */ = {
			isa = XCBuildConfiguration;
			buildSettings = {
				BUNDLE_LOADER = "$(TEST_HOST)";
				INFOPLIST_FILE = ProtocolUITests/Info.plist;
				LD_RUNPATH_SEARCH_PATHS = "$(inherited) @executable_path/Frameworks @loader_path/Frameworks";
				PRODUCT_BUNDLE_IDENTIFIER = com.strv.ProtocolUITests;
				PRODUCT_NAME = "$(TARGET_NAME)";
				TEST_HOST = "$(BUILT_PRODUCTS_DIR)/ProtocolUI.app/ProtocolUI";
			};
			name = Debug;
		};
		A544F5DF1B566D8500BB6BF7 /* Release */ = {
			isa = XCBuildConfiguration;
			buildSettings = {
				BUNDLE_LOADER = "$(TEST_HOST)";
				INFOPLIST_FILE = ProtocolUITests/Info.plist;
				LD_RUNPATH_SEARCH_PATHS = "$(inherited) @executable_path/Frameworks @loader_path/Frameworks";
				PRODUCT_BUNDLE_IDENTIFIER = com.strv.ProtocolUITests;
				PRODUCT_NAME = "$(TARGET_NAME)";
				TEST_HOST = "$(BUILT_PRODUCTS_DIR)/ProtocolUI.app/ProtocolUI";
			};
			name = Release;
		};
/* End XCBuildConfiguration section */

/* Begin XCConfigurationList section */
		A544F5AD1B566D8400BB6BF7 /* Build configuration list for PBXProject "ProtocolUI" */ = {
			isa = XCConfigurationList;
			buildConfigurations = (
				A544F5D81B566D8500BB6BF7 /* Debug */,
				A544F5D91B566D8500BB6BF7 /* Release */,
			);
			defaultConfigurationIsVisible = 0;
			defaultConfigurationName = Release;
		};
		A544F5DA1B566D8500BB6BF7 /* Build configuration list for PBXNativeTarget "ProtocolUI" */ = {
			isa = XCConfigurationList;
			buildConfigurations = (
				A544F5DB1B566D8500BB6BF7 /* Debug */,
				A544F5DC1B566D8500BB6BF7 /* Release */,
			);
			defaultConfigurationIsVisible = 0;
			defaultConfigurationName = Release;
		};
		A544F5DD1B566D8500BB6BF7 /* Build configuration list for PBXNativeTarget "ProtocolUITests" */ = {
			isa = XCConfigurationList;
			buildConfigurations = (
				A544F5DE1B566D8500BB6BF7 /* Debug */,
				A544F5DF1B566D8500BB6BF7 /* Release */,
			);
			defaultConfigurationIsVisible = 0;
			defaultConfigurationName = Release;
		};
/* End XCConfigurationList section */
	};
	rootObject = A544F5AA1B566D8400BB6BF7 /* Project object */;
}
